// !$*UTF8*$!
{
	archiveVersion = 1;
	classes = {
	};
	objectVersion = 50;
	objects = {

/* Begin PBXBuildFile section */
		1507F6AC20C04C8D00966BD8 /* LCHelper.framework in Frameworks */ = {isa = PBXBuildFile; fileRef = 15B87AFD20B71C2300BBD11B /* LCHelper.framework */; };
		1507F6AD20C04C8D00966BD8 /* LCHelper.framework in Embed Frameworks */ = {isa = PBXBuildFile; fileRef = 15B87AFD20B71C2300BBD11B /* LCHelper.framework */; settings = {ATTRIBUTES = (CodeSignOnCopy, RemoveHeadersOnCopy, ); }; };
		1507F6B920C04CC000966BD8 /* FirebaseAnalytics.framework in Frameworks */ = {isa = PBXBuildFile; fileRef = 1507F6B220C04CBF00966BD8 /* FirebaseAnalytics.framework */; };
		1507F6BA20C04CC000966BD8 /* FirebaseNanoPB.framework in Frameworks */ = {isa = PBXBuildFile; fileRef = 1507F6B320C04CBF00966BD8 /* FirebaseNanoPB.framework */; };
		1507F6BB20C04CC000966BD8 /* FirebaseCoreDiagnostics.framework in Frameworks */ = {isa = PBXBuildFile; fileRef = 1507F6B420C04CBF00966BD8 /* FirebaseCoreDiagnostics.framework */; };
		1507F6BC20C04CC000966BD8 /* FirebaseCore.framework in Frameworks */ = {isa = PBXBuildFile; fileRef = 1507F6B520C04CBF00966BD8 /* FirebaseCore.framework */; };
		1507F6BD20C04CC000966BD8 /* nanopb.framework in Frameworks */ = {isa = PBXBuildFile; fileRef = 1507F6B620C04CBF00966BD8 /* nanopb.framework */; };
		1507F6BE20C04CC000966BD8 /* FirebaseInstanceID.framework in Frameworks */ = {isa = PBXBuildFile; fileRef = 1507F6B720C04CC000966BD8 /* FirebaseInstanceID.framework */; };
		1507F6C220C04CC700966BD8 /* FirebaseAuth.framework in Frameworks */ = {isa = PBXBuildFile; fileRef = 1507F6C020C04CC700966BD8 /* FirebaseAuth.framework */; };
		1507F6CB20C04CD500966BD8 /* leveldb-library.framework in Frameworks */ = {isa = PBXBuildFile; fileRef = 1507F6C320C04CD200966BD8 /* leveldb-library.framework */; };
		1507F6CC20C04CD500966BD8 /* gRPC.framework in Frameworks */ = {isa = PBXBuildFile; fileRef = 1507F6C420C04CD200966BD8 /* gRPC.framework */; };
		1507F6CD20C04CD500966BD8 /* Protobuf.framework in Frameworks */ = {isa = PBXBuildFile; fileRef = 1507F6C520C04CD200966BD8 /* Protobuf.framework */; };
		1507F6CE20C04CD500966BD8 /* BoringSSL.framework in Frameworks */ = {isa = PBXBuildFile; fileRef = 1507F6C620C04CD300966BD8 /* BoringSSL.framework */; };
		1507F6CF20C04CD500966BD8 /* FirebaseFirestore.framework in Frameworks */ = {isa = PBXBuildFile; fileRef = 1507F6C720C04CD400966BD8 /* FirebaseFirestore.framework */; };
		1507F6D020C04CD500966BD8 /* gRPC-Core.framework in Frameworks */ = {isa = PBXBuildFile; fileRef = 1507F6C820C04CD500966BD8 /* gRPC-Core.framework */; };
		1507F6D120C04CD500966BD8 /* gRPC-ProtoRPC.framework in Frameworks */ = {isa = PBXBuildFile; fileRef = 1507F6C920C04CD500966BD8 /* gRPC-ProtoRPC.framework */; };
		1507F6D220C04CD500966BD8 /* gRPC-RxLibrary.framework in Frameworks */ = {isa = PBXBuildFile; fileRef = 1507F6CA20C04CD500966BD8 /* gRPC-RxLibrary.framework */; };
		1507F6D420C04CDE00966BD8 /* gRPCCertificates.bundle in Resources */ = {isa = PBXBuildFile; fileRef = 1507F6D320C04CDE00966BD8 /* gRPCCertificates.bundle */; };
		1507F6D620C04CEC00966BD8 /* FirebaseStorage.framework in Frameworks */ = {isa = PBXBuildFile; fileRef = 1507F6D520C04CEC00966BD8 /* FirebaseStorage.framework */; };
		15507B0B20C04E3B00D8EBDE /* LCAuthHelper.swift in Sources */ = {isa = PBXBuildFile; fileRef = 15507B0A20C04E3B00D8EBDE /* LCAuthHelper.swift */; };
		15507B1220C04F4A00D8EBDE /* GoogleSignIn.bundle in Resources */ = {isa = PBXBuildFile; fileRef = 15507B0F20C04F4A00D8EBDE /* GoogleSignIn.bundle */; };
		15507B1320C04F4A00D8EBDE /* GoogleSignIn.framework in Frameworks */ = {isa = PBXBuildFile; fileRef = 15507B1020C04F4A00D8EBDE /* GoogleSignIn.framework */; };
		15507B1520C04F8A00D8EBDE /* SafariServices.framework in Frameworks */ = {isa = PBXBuildFile; fileRef = 15507B1420C04F8A00D8EBDE /* SafariServices.framework */; };
		15507B1720C04F9700D8EBDE /* SystemConfiguration.framework in Frameworks */ = {isa = PBXBuildFile; fileRef = 15507B1620C04F9600D8EBDE /* SystemConfiguration.framework */; };
		155553F520BF075600EB312A /* LCServiceHelper.swift in Sources */ = {isa = PBXBuildFile; fileRef = 155553F420BF075600EB312A /* LCServiceHelper.swift */; };
		1575675820C97AD50038C1C6 /* LCDebug.swift in Sources */ = {isa = PBXBuildFile; fileRef = 1575675720C97AD50038C1C6 /* LCDebug.swift */; };
		157E51D220BF2ECC001EE79A /* Firebase.h in Headers */ = {isa = PBXBuildFile; fileRef = 157E51D120BF2ECC001EE79A /* Firebase.h */; settings = {ATTRIBUTES = (Public, ); }; };
		1590AEE120D17A2900151B80 /* ProjectsViewController.swift in Sources */ = {isa = PBXBuildFile; fileRef = 1590AEE020D17A2900151B80 /* ProjectsViewController.swift */; };
		1590AEE320D2C7A200151B80 /* ProjectCell.swift in Sources */ = {isa = PBXBuildFile; fileRef = 1590AEE220D2C7A200151B80 /* ProjectCell.swift */; };
		1590AEE520D2D88000151B80 /* LCProject.swift in Sources */ = {isa = PBXBuildFile; fileRef = 1590AEE420D2D88000151B80 /* LCProject.swift */; };
		1590AEE720D2ED0600151B80 /* LCDeck.swift in Sources */ = {isa = PBXBuildFile; fileRef = 1590AEE620D2ED0600151B80 /* LCDeck.swift */; };
		1590AEE920D2ED3700151B80 /* LCCard.swift in Sources */ = {isa = PBXBuildFile; fileRef = 1590AEE820D2ED3700151B80 /* LCCard.swift */; };
		15A1321120EC1489006245E7 /* DecksViewController.swift in Sources */ = {isa = PBXBuildFile; fileRef = 15A1321020EC1489006245E7 /* DecksViewController.swift */; };
		15A1321520EC1960006245E7 /* CardViewController.swift in Sources */ = {isa = PBXBuildFile; fileRef = 15A1321420EC1960006245E7 /* CardViewController.swift */; };
		15A1321B20EC19F1006245E7 /* PresentationViewController.swift in Sources */ = {isa = PBXBuildFile; fileRef = 15A1321A20EC19F1006245E7 /* PresentationViewController.swift */; };
		15A1321D20EEA1D7006245E7 /* SectionCell.swift in Sources */ = {isa = PBXBuildFile; fileRef = 15A1321C20EEA1D7006245E7 /* SectionCell.swift */; };
		15A816D020ACBDBD005898C2 /* AppDelegate.swift in Sources */ = {isa = PBXBuildFile; fileRef = 15A816CF20ACBDBD005898C2 /* AppDelegate.swift */; };
		15A816D220ACBDBD005898C2 /* SignInViewController.swift in Sources */ = {isa = PBXBuildFile; fileRef = 15A816D120ACBDBD005898C2 /* SignInViewController.swift */; };
		15A816D520ACBDBD005898C2 /* Main.storyboard in Resources */ = {isa = PBXBuildFile; fileRef = 15A816D320ACBDBD005898C2 /* Main.storyboard */; };
		15A816D720ACBDBF005898C2 /* Assets.xcassets in Resources */ = {isa = PBXBuildFile; fileRef = 15A816D620ACBDBF005898C2 /* Assets.xcassets */; };
		15A816DA20ACBDBF005898C2 /* LaunchScreen.storyboard in Resources */ = {isa = PBXBuildFile; fileRef = 15A816D820ACBDBF005898C2 /* LaunchScreen.storyboard */; };
		15A816E520ACBDBF005898C2 /* LeanImpactCanvasTests.swift in Sources */ = {isa = PBXBuildFile; fileRef = 15A816E420ACBDBF005898C2 /* LeanImpactCanvasTests.swift */; };
		15A816F020ACBDBF005898C2 /* LeanImpactCanvasUITests.swift in Sources */ = {isa = PBXBuildFile; fileRef = 15A816EF20ACBDBF005898C2 /* LeanImpactCanvasUITests.swift */; };
		15A816FE20ACC0D8005898C2 /* GoogleService-Info.plist in Resources */ = {isa = PBXBuildFile; fileRef = 15A816FD20ACC0D8005898C2 /* GoogleService-Info.plist */; };
		15B87B0F20B71C2300BBD11B /* LCHelper.h in Headers */ = {isa = PBXBuildFile; fileRef = 15B87AFF20B71C2300BBD11B /* LCHelper.h */; settings = {ATTRIBUTES = (Public, ); }; };
		15B87B1B20B71C4100BBD11B /* LCHelper.swift in Sources */ = {isa = PBXBuildFile; fileRef = 15AABEDF20B3367200C0550E /* LCHelper.swift */; };
		15B87B1C20B71C4100BBD11B /* LCModels.swift in Sources */ = {isa = PBXBuildFile; fileRef = 15AABEE220B36DD500C0550E /* LCModels.swift */; };
		15C2DACC20C059CF0047BC0A /* GTMSessionFetcher.framework in Frameworks */ = {isa = PBXBuildFile; fileRef = 15C2DACB20C059CF0047BC0A /* GTMSessionFetcher.framework */; };
		15C2DAD220C060020047BC0A /* GoogleToolboxForMac.framework in Frameworks */ = {isa = PBXBuildFile; fileRef = 15C2DAD120C060020047BC0A /* GoogleToolboxForMac.framework */; };
		15C2DAD420C0602C0047BC0A /* GoogleSignInDependencies.framework in Frameworks */ = {isa = PBXBuildFile; fileRef = 15C2DAD320C0602C0047BC0A /* GoogleSignInDependencies.framework */; };
		15D16CFF210A3CAE00583388 /* DeckCell.swift in Sources */ = {isa = PBXBuildFile; fileRef = 15D16CFE210A3CAE00583388 /* DeckCell.swift */; };
		15D16D01210A46BB00583388 /* LCUser.swift in Sources */ = {isa = PBXBuildFile; fileRef = 15D16D00210A46BB00583388 /* LCUser.swift */; };
		15EAA3B420CAEB9C0022E95C /* OrientationUtility.swift in Sources */ = {isa = PBXBuildFile; fileRef = 15EAA3B120CAE9BD0022E95C /* OrientationUtility.swift */; };
		15F3D0F720B7AE91009A7D64 /* LCProjectHelper.swift in Sources */ = {isa = PBXBuildFile; fileRef = 15F3D0F620B7AE91009A7D64 /* LCProjectHelper.swift */; };
		15F3D0F920B7AEAB009A7D64 /* LCUserHelper.swift in Sources */ = {isa = PBXBuildFile; fileRef = 15F3D0F820B7AEAB009A7D64 /* LCUserHelper.swift */; };
		15FD0EB6212207F200132B85 /* whiteBG.pdf in Resources */ = {isa = PBXBuildFile; fileRef = 15FD0EB5212207F100132B85 /* whiteBG.pdf */; };
		15FD0EB921232A9300132B85 /* NewProjectViewController.swift in Sources */ = {isa = PBXBuildFile; fileRef = 15FD0EB821232A9300132B85 /* NewProjectViewController.swift */; };
		15FF644121232F1C009CC977 /* FirebaseFunctions.framework in Frameworks */ = {isa = PBXBuildFile; fileRef = 15FF644021232F1C009CC977 /* FirebaseFunctions.framework */; };
		4895F25CBD4931EF04A7CDDA /* Pods_LCHelper.framework in Frameworks */ = {isa = PBXBuildFile; fileRef = 85A722FB4F419FC91A864663 /* Pods_LCHelper.framework */; };
		773462008CB81ED23DFC02A1 /* Pods_LeanImpactCanvasTests.framework in Frameworks */ = {isa = PBXBuildFile; fileRef = 821DAFEA81F71AC45A27C037 /* Pods_LeanImpactCanvasTests.framework */; };
		99FC7DDEC7E4E3D086C95FBF /* Pods_LeanImpactCanvasUITests.framework in Frameworks */ = {isa = PBXBuildFile; fileRef = E428E4AACE9EC09532A8F31E /* Pods_LeanImpactCanvasUITests.framework */; };
		DBB02DF0852D281EDAB6010B /* Pods_LeanImpactCanvas.framework in Frameworks */ = {isa = PBXBuildFile; fileRef = E7C667D13437F7F880722AD4 /* Pods_LeanImpactCanvas.framework */; };
/* End PBXBuildFile section */

/* Begin PBXContainerItemProxy section */
		1507F6AE20C04C8D00966BD8 /* PBXContainerItemProxy */ = {
			isa = PBXContainerItemProxy;
			containerPortal = 15A816C420ACBDBD005898C2 /* Project object */;
			proxyType = 1;
			remoteGlobalIDString = 15B87AFC20B71C2300BBD11B;
			remoteInfo = LCHelper;
		};
		15A816E120ACBDBF005898C2 /* PBXContainerItemProxy */ = {
			isa = PBXContainerItemProxy;
			containerPortal = 15A816C420ACBDBD005898C2 /* Project object */;
			proxyType = 1;
			remoteGlobalIDString = 15A816CB20ACBDBD005898C2;
			remoteInfo = LeanImpactCanvas;
		};
		15A816EC20ACBDBF005898C2 /* PBXContainerItemProxy */ = {
			isa = PBXContainerItemProxy;
			containerPortal = 15A816C420ACBDBD005898C2 /* Project object */;
			proxyType = 1;
			remoteGlobalIDString = 15A816CB20ACBDBD005898C2;
			remoteInfo = LeanImpactCanvas;
		};
/* End PBXContainerItemProxy section */

/* Begin PBXCopyFilesBuildPhase section */
		1507F6B020C04C8D00966BD8 /* Embed Frameworks */ = {
			isa = PBXCopyFilesBuildPhase;
			buildActionMask = 2147483647;
			dstPath = "";
			dstSubfolderSpec = 10;
			files = (
				1507F6AD20C04C8D00966BD8 /* LCHelper.framework in Embed Frameworks */,
			);
			name = "Embed Frameworks";
			runOnlyForDeploymentPostprocessing = 0;
		};
/* End PBXCopyFilesBuildPhase section */

/* Begin PBXFileReference section */
		1507F6B220C04CBF00966BD8 /* FirebaseAnalytics.framework */ = {isa = PBXFileReference; lastKnownFileType = wrapper.framework; path = FirebaseAnalytics.framework; sourceTree = "<group>"; };
		1507F6B320C04CBF00966BD8 /* FirebaseNanoPB.framework */ = {isa = PBXFileReference; lastKnownFileType = wrapper.framework; path = FirebaseNanoPB.framework; sourceTree = "<group>"; };
		1507F6B420C04CBF00966BD8 /* FirebaseCoreDiagnostics.framework */ = {isa = PBXFileReference; lastKnownFileType = wrapper.framework; path = FirebaseCoreDiagnostics.framework; sourceTree = "<group>"; };
		1507F6B520C04CBF00966BD8 /* FirebaseCore.framework */ = {isa = PBXFileReference; lastKnownFileType = wrapper.framework; path = FirebaseCore.framework; sourceTree = "<group>"; };
		1507F6B620C04CBF00966BD8 /* nanopb.framework */ = {isa = PBXFileReference; lastKnownFileType = wrapper.framework; path = nanopb.framework; sourceTree = "<group>"; };
		1507F6B720C04CC000966BD8 /* FirebaseInstanceID.framework */ = {isa = PBXFileReference; lastKnownFileType = wrapper.framework; path = FirebaseInstanceID.framework; sourceTree = "<group>"; };
		1507F6C020C04CC700966BD8 /* FirebaseAuth.framework */ = {isa = PBXFileReference; lastKnownFileType = wrapper.framework; path = FirebaseAuth.framework; sourceTree = "<group>"; };
		1507F6C320C04CD200966BD8 /* leveldb-library.framework */ = {isa = PBXFileReference; lastKnownFileType = wrapper.framework; path = "leveldb-library.framework"; sourceTree = "<group>"; };
		1507F6C420C04CD200966BD8 /* gRPC.framework */ = {isa = PBXFileReference; lastKnownFileType = wrapper.framework; path = gRPC.framework; sourceTree = "<group>"; };
		1507F6C520C04CD200966BD8 /* Protobuf.framework */ = {isa = PBXFileReference; lastKnownFileType = wrapper.framework; path = Protobuf.framework; sourceTree = "<group>"; };
		1507F6C620C04CD300966BD8 /* BoringSSL.framework */ = {isa = PBXFileReference; lastKnownFileType = wrapper.framework; path = BoringSSL.framework; sourceTree = "<group>"; };
		1507F6C720C04CD400966BD8 /* FirebaseFirestore.framework */ = {isa = PBXFileReference; lastKnownFileType = wrapper.framework; path = FirebaseFirestore.framework; sourceTree = "<group>"; };
		1507F6C820C04CD500966BD8 /* gRPC-Core.framework */ = {isa = PBXFileReference; lastKnownFileType = wrapper.framework; path = "gRPC-Core.framework"; sourceTree = "<group>"; };
		1507F6C920C04CD500966BD8 /* gRPC-ProtoRPC.framework */ = {isa = PBXFileReference; lastKnownFileType = wrapper.framework; path = "gRPC-ProtoRPC.framework"; sourceTree = "<group>"; };
		1507F6CA20C04CD500966BD8 /* gRPC-RxLibrary.framework */ = {isa = PBXFileReference; lastKnownFileType = wrapper.framework; path = "gRPC-RxLibrary.framework"; sourceTree = "<group>"; };
		1507F6D320C04CDE00966BD8 /* gRPCCertificates.bundle */ = {isa = PBXFileReference; lastKnownFileType = "wrapper.plug-in"; path = gRPCCertificates.bundle; sourceTree = "<group>"; };
		1507F6D520C04CEC00966BD8 /* FirebaseStorage.framework */ = {isa = PBXFileReference; lastKnownFileType = wrapper.framework; path = FirebaseStorage.framework; sourceTree = "<group>"; };
		15507B0A20C04E3B00D8EBDE /* LCAuthHelper.swift */ = {isa = PBXFileReference; lastKnownFileType = sourcecode.swift; path = LCAuthHelper.swift; sourceTree = "<group>"; };
		15507B0F20C04F4A00D8EBDE /* GoogleSignIn.bundle */ = {isa = PBXFileReference; lastKnownFileType = "wrapper.plug-in"; path = GoogleSignIn.bundle; sourceTree = "<group>"; };
		15507B1020C04F4A00D8EBDE /* GoogleSignIn.framework */ = {isa = PBXFileReference; lastKnownFileType = wrapper.framework; path = GoogleSignIn.framework; sourceTree = "<group>"; };
		15507B1420C04F8A00D8EBDE /* SafariServices.framework */ = {isa = PBXFileReference; lastKnownFileType = wrapper.framework; name = SafariServices.framework; path = System/Library/Frameworks/SafariServices.framework; sourceTree = SDKROOT; };
		15507B1620C04F9600D8EBDE /* SystemConfiguration.framework */ = {isa = PBXFileReference; lastKnownFileType = wrapper.framework; name = SystemConfiguration.framework; path = System/Library/Frameworks/SystemConfiguration.framework; sourceTree = SDKROOT; };
		155553F420BF075600EB312A /* LCServiceHelper.swift */ = {isa = PBXFileReference; lastKnownFileType = sourcecode.swift; path = LCServiceHelper.swift; sourceTree = "<group>"; };
		1575675720C97AD50038C1C6 /* LCDebug.swift */ = {isa = PBXFileReference; lastKnownFileType = sourcecode.swift; path = LCDebug.swift; sourceTree = "<group>"; };
		157E51D120BF2ECC001EE79A /* Firebase.h */ = {isa = PBXFileReference; fileEncoding = 4; lastKnownFileType = sourcecode.c.h; path = Firebase.h; sourceTree = "<group>"; };
		157E51D320BF2F00001EE79A /* module.modulemap */ = {isa = PBXFileReference; lastKnownFileType = "sourcecode.module-map"; path = module.modulemap; sourceTree = "<group>"; };
		1590AEE020D17A2900151B80 /* ProjectsViewController.swift */ = {isa = PBXFileReference; lastKnownFileType = sourcecode.swift; path = ProjectsViewController.swift; sourceTree = "<group>"; };
		1590AEE220D2C7A200151B80 /* ProjectCell.swift */ = {isa = PBXFileReference; lastKnownFileType = sourcecode.swift; path = ProjectCell.swift; sourceTree = "<group>"; };
		1590AEE420D2D88000151B80 /* LCProject.swift */ = {isa = PBXFileReference; lastKnownFileType = sourcecode.swift; path = LCProject.swift; sourceTree = "<group>"; };
		1590AEE620D2ED0600151B80 /* LCDeck.swift */ = {isa = PBXFileReference; lastKnownFileType = sourcecode.swift; path = LCDeck.swift; sourceTree = "<group>"; };
		1590AEE820D2ED3700151B80 /* LCCard.swift */ = {isa = PBXFileReference; lastKnownFileType = sourcecode.swift; path = LCCard.swift; sourceTree = "<group>"; };
		15A1321020EC1489006245E7 /* DecksViewController.swift */ = {isa = PBXFileReference; lastKnownFileType = sourcecode.swift; path = DecksViewController.swift; sourceTree = "<group>"; };
		15A1321420EC1960006245E7 /* CardViewController.swift */ = {isa = PBXFileReference; lastKnownFileType = sourcecode.swift; path = CardViewController.swift; sourceTree = "<group>"; };
		15A1321A20EC19F1006245E7 /* PresentationViewController.swift */ = {isa = PBXFileReference; lastKnownFileType = sourcecode.swift; path = PresentationViewController.swift; sourceTree = "<group>"; };
		15A1321C20EEA1D7006245E7 /* SectionCell.swift */ = {isa = PBXFileReference; lastKnownFileType = sourcecode.swift; path = SectionCell.swift; sourceTree = "<group>"; };
		15A816CC20ACBDBD005898C2 /* LeanImpactCanvas.app */ = {isa = PBXFileReference; explicitFileType = wrapper.application; includeInIndex = 0; path = LeanImpactCanvas.app; sourceTree = BUILT_PRODUCTS_DIR; };
		15A816CF20ACBDBD005898C2 /* AppDelegate.swift */ = {isa = PBXFileReference; lastKnownFileType = sourcecode.swift; path = AppDelegate.swift; sourceTree = "<group>"; };
		15A816D120ACBDBD005898C2 /* SignInViewController.swift */ = {isa = PBXFileReference; lastKnownFileType = sourcecode.swift; path = SignInViewController.swift; sourceTree = "<group>"; };
		15A816D420ACBDBD005898C2 /* Base */ = {isa = PBXFileReference; lastKnownFileType = file.storyboard; name = Base; path = Base.lproj/Main.storyboard; sourceTree = "<group>"; };
		15A816D620ACBDBF005898C2 /* Assets.xcassets */ = {isa = PBXFileReference; lastKnownFileType = folder.assetcatalog; path = Assets.xcassets; sourceTree = "<group>"; };
		15A816D920ACBDBF005898C2 /* Base */ = {isa = PBXFileReference; lastKnownFileType = file.storyboard; name = Base; path = Base.lproj/LaunchScreen.storyboard; sourceTree = "<group>"; };
		15A816DB20ACBDBF005898C2 /* Info.plist */ = {isa = PBXFileReference; lastKnownFileType = text.plist.xml; path = Info.plist; sourceTree = "<group>"; };
		15A816E020ACBDBF005898C2 /* LeanImpactCanvasTests.xctest */ = {isa = PBXFileReference; explicitFileType = wrapper.cfbundle; includeInIndex = 0; path = LeanImpactCanvasTests.xctest; sourceTree = BUILT_PRODUCTS_DIR; };
		15A816E420ACBDBF005898C2 /* LeanImpactCanvasTests.swift */ = {isa = PBXFileReference; lastKnownFileType = sourcecode.swift; path = LeanImpactCanvasTests.swift; sourceTree = "<group>"; };
		15A816E620ACBDBF005898C2 /* Info.plist */ = {isa = PBXFileReference; lastKnownFileType = text.plist.xml; path = Info.plist; sourceTree = "<group>"; };
		15A816EB20ACBDBF005898C2 /* LeanImpactCanvasUITests.xctest */ = {isa = PBXFileReference; explicitFileType = wrapper.cfbundle; includeInIndex = 0; path = LeanImpactCanvasUITests.xctest; sourceTree = BUILT_PRODUCTS_DIR; };
		15A816EF20ACBDBF005898C2 /* LeanImpactCanvasUITests.swift */ = {isa = PBXFileReference; lastKnownFileType = sourcecode.swift; path = LeanImpactCanvasUITests.swift; sourceTree = "<group>"; };
		15A816F120ACBDBF005898C2 /* Info.plist */ = {isa = PBXFileReference; lastKnownFileType = text.plist.xml; path = Info.plist; sourceTree = "<group>"; };
		15A816FD20ACC0D8005898C2 /* GoogleService-Info.plist */ = {isa = PBXFileReference; fileEncoding = 4; lastKnownFileType = text.plist.xml; path = "GoogleService-Info.plist"; sourceTree = "<group>"; };
		15AABEDF20B3367200C0550E /* LCHelper.swift */ = {isa = PBXFileReference; lastKnownFileType = sourcecode.swift; path = LCHelper.swift; sourceTree = "<group>"; };
		15AABEE220B36DD500C0550E /* LCModels.swift */ = {isa = PBXFileReference; lastKnownFileType = sourcecode.swift; path = LCModels.swift; sourceTree = "<group>"; };
		15B87AFD20B71C2300BBD11B /* LCHelper.framework */ = {isa = PBXFileReference; explicitFileType = wrapper.framework; includeInIndex = 0; path = LCHelper.framework; sourceTree = BUILT_PRODUCTS_DIR; };
		15B87AFF20B71C2300BBD11B /* LCHelper.h */ = {isa = PBXFileReference; lastKnownFileType = sourcecode.c.h; path = LCHelper.h; sourceTree = "<group>"; };
		15B87B0020B71C2300BBD11B /* Info.plist */ = {isa = PBXFileReference; lastKnownFileType = text.plist.xml; path = Info.plist; sourceTree = "<group>"; };
		15C2DACB20C059CF0047BC0A /* GTMSessionFetcher.framework */ = {isa = PBXFileReference; lastKnownFileType = wrapper.framework; path = GTMSessionFetcher.framework; sourceTree = "<group>"; };
		15C2DAD120C060020047BC0A /* GoogleToolboxForMac.framework */ = {isa = PBXFileReference; lastKnownFileType = wrapper.framework; path = GoogleToolboxForMac.framework; sourceTree = "<group>"; };
		15C2DAD320C0602C0047BC0A /* GoogleSignInDependencies.framework */ = {isa = PBXFileReference; lastKnownFileType = wrapper.framework; path = GoogleSignInDependencies.framework; sourceTree = "<group>"; };
		15D16CFE210A3CAE00583388 /* DeckCell.swift */ = {isa = PBXFileReference; lastKnownFileType = sourcecode.swift; path = DeckCell.swift; sourceTree = "<group>"; };
		15D16D00210A46BB00583388 /* LCUser.swift */ = {isa = PBXFileReference; lastKnownFileType = sourcecode.swift; path = LCUser.swift; sourceTree = "<group>"; };
		15EAA3B120CAE9BD0022E95C /* OrientationUtility.swift */ = {isa = PBXFileReference; lastKnownFileType = sourcecode.swift; path = OrientationUtility.swift; sourceTree = "<group>"; };
		15F3D0F620B7AE91009A7D64 /* LCProjectHelper.swift */ = {isa = PBXFileReference; lastKnownFileType = sourcecode.swift; path = LCProjectHelper.swift; sourceTree = "<group>"; };
		15F3D0F820B7AEAB009A7D64 /* LCUserHelper.swift */ = {isa = PBXFileReference; lastKnownFileType = sourcecode.swift; path = LCUserHelper.swift; sourceTree = "<group>"; };
		15FD0EB5212207F100132B85 /* whiteBG.pdf */ = {isa = PBXFileReference; lastKnownFileType = image.pdf; path = whiteBG.pdf; sourceTree = "<group>"; };
		15FD0EB821232A9300132B85 /* NewProjectViewController.swift */ = {isa = PBXFileReference; lastKnownFileType = sourcecode.swift; path = NewProjectViewController.swift; sourceTree = "<group>"; };
		15FF644021232F1C009CC977 /* FirebaseFunctions.framework */ = {isa = PBXFileReference; lastKnownFileType = wrapper.framework; path = FirebaseFunctions.framework; sourceTree = "<group>"; };
		2B3197E0E715179DEF69CB2C /* Pods-LCHelper.release.xcconfig */ = {isa = PBXFileReference; includeInIndex = 1; lastKnownFileType = text.xcconfig; name = "Pods-LCHelper.release.xcconfig"; path = "Pods/Target Support Files/Pods-LCHelper/Pods-LCHelper.release.xcconfig"; sourceTree = "<group>"; };
		45000768EF3534D827F02E96 /* Pods-LeanImpactCanvasTests.debug.xcconfig */ = {isa = PBXFileReference; includeInIndex = 1; lastKnownFileType = text.xcconfig; name = "Pods-LeanImpactCanvasTests.debug.xcconfig"; path = "Pods/Target Support Files/Pods-LeanImpactCanvasTests/Pods-LeanImpactCanvasTests.debug.xcconfig"; sourceTree = "<group>"; };
		821DAFEA81F71AC45A27C037 /* Pods_LeanImpactCanvasTests.framework */ = {isa = PBXFileReference; explicitFileType = wrapper.framework; includeInIndex = 0; path = Pods_LeanImpactCanvasTests.framework; sourceTree = BUILT_PRODUCTS_DIR; };
		85A722FB4F419FC91A864663 /* Pods_LCHelper.framework */ = {isa = PBXFileReference; explicitFileType = wrapper.framework; includeInIndex = 0; path = Pods_LCHelper.framework; sourceTree = BUILT_PRODUCTS_DIR; };
		9819707844B413E50FBD59CB /* Pods-LeanImpactCanvas.release.xcconfig */ = {isa = PBXFileReference; includeInIndex = 1; lastKnownFileType = text.xcconfig; name = "Pods-LeanImpactCanvas.release.xcconfig"; path = "Pods/Target Support Files/Pods-LeanImpactCanvas/Pods-LeanImpactCanvas.release.xcconfig"; sourceTree = "<group>"; };
		A5FAE348E95823374E8F47D7 /* Pods-LeanImpactCanvasUITests.release.xcconfig */ = {isa = PBXFileReference; includeInIndex = 1; lastKnownFileType = text.xcconfig; name = "Pods-LeanImpactCanvasUITests.release.xcconfig"; path = "Pods/Target Support Files/Pods-LeanImpactCanvasUITests/Pods-LeanImpactCanvasUITests.release.xcconfig"; sourceTree = "<group>"; };
		A70EE272BE7FC2455D2443B3 /* Pods-LCHelper.debug.xcconfig */ = {isa = PBXFileReference; includeInIndex = 1; lastKnownFileType = text.xcconfig; name = "Pods-LCHelper.debug.xcconfig"; path = "Pods/Target Support Files/Pods-LCHelper/Pods-LCHelper.debug.xcconfig"; sourceTree = "<group>"; };
		D76617CE2E8B5D78482CB268 /* Pods-LeanImpactCanvasUITests.debug.xcconfig */ = {isa = PBXFileReference; includeInIndex = 1; lastKnownFileType = text.xcconfig; name = "Pods-LeanImpactCanvasUITests.debug.xcconfig"; path = "Pods/Target Support Files/Pods-LeanImpactCanvasUITests/Pods-LeanImpactCanvasUITests.debug.xcconfig"; sourceTree = "<group>"; };
		E01665C11C371E8E9426A080 /* Pods-LeanImpactCanvasTests.release.xcconfig */ = {isa = PBXFileReference; includeInIndex = 1; lastKnownFileType = text.xcconfig; name = "Pods-LeanImpactCanvasTests.release.xcconfig"; path = "Pods/Target Support Files/Pods-LeanImpactCanvasTests/Pods-LeanImpactCanvasTests.release.xcconfig"; sourceTree = "<group>"; };
		E428E4AACE9EC09532A8F31E /* Pods_LeanImpactCanvasUITests.framework */ = {isa = PBXFileReference; explicitFileType = wrapper.framework; includeInIndex = 0; path = Pods_LeanImpactCanvasUITests.framework; sourceTree = BUILT_PRODUCTS_DIR; };
		E7C667D13437F7F880722AD4 /* Pods_LeanImpactCanvas.framework */ = {isa = PBXFileReference; explicitFileType = wrapper.framework; includeInIndex = 0; path = Pods_LeanImpactCanvas.framework; sourceTree = BUILT_PRODUCTS_DIR; };
		F32571FEBA04643F3F562437 /* Pods-LeanImpactCanvas.debug.xcconfig */ = {isa = PBXFileReference; includeInIndex = 1; lastKnownFileType = text.xcconfig; name = "Pods-LeanImpactCanvas.debug.xcconfig"; path = "Pods/Target Support Files/Pods-LeanImpactCanvas/Pods-LeanImpactCanvas.debug.xcconfig"; sourceTree = "<group>"; };
/* End PBXFileReference section */

/* Begin PBXFrameworksBuildPhase section */
		15A816C920ACBDBD005898C2 /* Frameworks */ = {
			isa = PBXFrameworksBuildPhase;
			buildActionMask = 2147483647;
			files = (
				DBB02DF0852D281EDAB6010B /* Pods_LeanImpactCanvas.framework in Frameworks */,
				1507F6AC20C04C8D00966BD8 /* LCHelper.framework in Frameworks */,
			);
			runOnlyForDeploymentPostprocessing = 0;
		};
		15A816DD20ACBDBF005898C2 /* Frameworks */ = {
			isa = PBXFrameworksBuildPhase;
			buildActionMask = 2147483647;
			files = (
				773462008CB81ED23DFC02A1 /* Pods_LeanImpactCanvasTests.framework in Frameworks */,
			);
			runOnlyForDeploymentPostprocessing = 0;
		};
		15A816E820ACBDBF005898C2 /* Frameworks */ = {
			isa = PBXFrameworksBuildPhase;
			buildActionMask = 2147483647;
			files = (
				99FC7DDEC7E4E3D086C95FBF /* Pods_LeanImpactCanvasUITests.framework in Frameworks */,
			);
			runOnlyForDeploymentPostprocessing = 0;
		};
		15B87AF920B71C2300BBD11B /* Frameworks */ = {
			isa = PBXFrameworksBuildPhase;
			buildActionMask = 2147483647;
			files = (
				15507B1720C04F9700D8EBDE /* SystemConfiguration.framework in Frameworks */,
				15507B1520C04F8A00D8EBDE /* SafariServices.framework in Frameworks */,
				15C2DAD220C060020047BC0A /* GoogleToolboxForMac.framework in Frameworks */,
				1507F6D020C04CD500966BD8 /* gRPC-Core.framework in Frameworks */,
				1507F6BC20C04CC000966BD8 /* FirebaseCore.framework in Frameworks */,
				1507F6CE20C04CD500966BD8 /* BoringSSL.framework in Frameworks */,
				1507F6D220C04CD500966BD8 /* gRPC-RxLibrary.framework in Frameworks */,
				1507F6BE20C04CC000966BD8 /* FirebaseInstanceID.framework in Frameworks */,
				15FF644121232F1C009CC977 /* FirebaseFunctions.framework in Frameworks */,
				1507F6BD20C04CC000966BD8 /* nanopb.framework in Frameworks */,
				15C2DAD420C0602C0047BC0A /* GoogleSignInDependencies.framework in Frameworks */,
				1507F6D120C04CD500966BD8 /* gRPC-ProtoRPC.framework in Frameworks */,
				1507F6BB20C04CC000966BD8 /* FirebaseCoreDiagnostics.framework in Frameworks */,
				15C2DACC20C059CF0047BC0A /* GTMSessionFetcher.framework in Frameworks */,
				1507F6D620C04CEC00966BD8 /* FirebaseStorage.framework in Frameworks */,
				15507B1320C04F4A00D8EBDE /* GoogleSignIn.framework in Frameworks */,
				1507F6C220C04CC700966BD8 /* FirebaseAuth.framework in Frameworks */,
				1507F6B920C04CC000966BD8 /* FirebaseAnalytics.framework in Frameworks */,
				1507F6CB20C04CD500966BD8 /* leveldb-library.framework in Frameworks */,
				1507F6CF20C04CD500966BD8 /* FirebaseFirestore.framework in Frameworks */,
				1507F6CD20C04CD500966BD8 /* Protobuf.framework in Frameworks */,
				1507F6CC20C04CD500966BD8 /* gRPC.framework in Frameworks */,
				1507F6BA20C04CC000966BD8 /* FirebaseNanoPB.framework in Frameworks */,
				4895F25CBD4931EF04A7CDDA /* Pods_LCHelper.framework in Frameworks */,
			);
			runOnlyForDeploymentPostprocessing = 0;
		};
/* End PBXFrameworksBuildPhase section */

/* Begin PBXGroup section */
		15A1321620EC1967006245E7 /* ViewControllers */ = {
			isa = PBXGroup;
			children = (
				15A816D120ACBDBD005898C2 /* SignInViewController.swift */,
				15FD0EB821232A9300132B85 /* NewProjectViewController.swift */,
				1590AEE020D17A2900151B80 /* ProjectsViewController.swift */,
				15A1321020EC1489006245E7 /* DecksViewController.swift */,
				15A1321420EC1960006245E7 /* CardViewController.swift */,
				15A1321A20EC19F1006245E7 /* PresentationViewController.swift */,
			);
			path = ViewControllers;
			sourceTree = "<group>";
		};
		15A1321720EC1992006245E7 /* Cells */ = {
			isa = PBXGroup;
			children = (
				1590AEE220D2C7A200151B80 /* ProjectCell.swift */,
				15A1321C20EEA1D7006245E7 /* SectionCell.swift */,
				15D16CFE210A3CAE00583388 /* DeckCell.swift */,
			);
			path = Cells;
			sourceTree = "<group>";
		};
		15A816C320ACBDBD005898C2 = {
			isa = PBXGroup;
			children = (
				157E51D320BF2F00001EE79A /* module.modulemap */,
				15A816CE20ACBDBD005898C2 /* LeanImpactCanvas */,
				15B87AFE20B71C2300BBD11B /* LCHelper */,
				15A816E320ACBDBF005898C2 /* LeanImpactCanvasTests */,
				15A816EE20ACBDBF005898C2 /* LeanImpactCanvasUITests */,
				15A816CD20ACBDBD005898C2 /* Products */,
				EA538685F3FC81D613262465 /* Pods */,
				6CB09F09F92D8BF9F9D73D7D /* Frameworks */,
			);
			sourceTree = "<group>";
		};
		15A816CD20ACBDBD005898C2 /* Products */ = {
			isa = PBXGroup;
			children = (
				15A816CC20ACBDBD005898C2 /* LeanImpactCanvas.app */,
				15A816E020ACBDBF005898C2 /* LeanImpactCanvasTests.xctest */,
				15A816EB20ACBDBF005898C2 /* LeanImpactCanvasUITests.xctest */,
				15B87AFD20B71C2300BBD11B /* LCHelper.framework */,
			);
			name = Products;
			sourceTree = "<group>";
		};
		15A816CE20ACBDBD005898C2 /* LeanImpactCanvas */ = {
			isa = PBXGroup;
			children = (
				15FD0EB7212207F500132B85 /* PDFAssets */,
				15A816CF20ACBDBD005898C2 /* AppDelegate.swift */,
				15A816D320ACBDBD005898C2 /* Main.storyboard */,
				15A816D620ACBDBF005898C2 /* Assets.xcassets */,
				15A1321620EC1967006245E7 /* ViewControllers */,
				15A1321720EC1992006245E7 /* Cells */,
				15AABEE120B3367F00C0550E /* HelperClasses */,
				15A816D820ACBDBF005898C2 /* LaunchScreen.storyboard */,
				15A816DB20ACBDBF005898C2 /* Info.plist */,
				15A816FD20ACC0D8005898C2 /* GoogleService-Info.plist */,
			);
			path = LeanImpactCanvas;
			sourceTree = "<group>";
		};
		15A816E320ACBDBF005898C2 /* LeanImpactCanvasTests */ = {
			isa = PBXGroup;
			children = (
				15A816E420ACBDBF005898C2 /* LeanImpactCanvasTests.swift */,
				15A816E620ACBDBF005898C2 /* Info.plist */,
			);
			path = LeanImpactCanvasTests;
			sourceTree = "<group>";
		};
		15A816EE20ACBDBF005898C2 /* LeanImpactCanvasUITests */ = {
			isa = PBXGroup;
			children = (
				15A816EF20ACBDBF005898C2 /* LeanImpactCanvasUITests.swift */,
				15A816F120ACBDBF005898C2 /* Info.plist */,
			);
			path = LeanImpactCanvasUITests;
			sourceTree = "<group>";
		};
		15AABEE120B3367F00C0550E /* HelperClasses */ = {
			isa = PBXGroup;
			children = (
				15EAA3B120CAE9BD0022E95C /* OrientationUtility.swift */,
			);
			path = HelperClasses;
			sourceTree = "<group>";
		};
		15B87AFE20B71C2300BBD11B /* LCHelper */ = {
			isa = PBXGroup;
			children = (
				15D16D02210A46D500583388 /* User */,
				15D16D03210A46EC00583388 /* Helpers */,
				15D16D04210A470600583388 /* Project */,
				15B87B0020B71C2300BBD11B /* Info.plist */,
				15B87AFF20B71C2300BBD11B /* LCHelper.h */,
				157E51D120BF2ECC001EE79A /* Firebase.h */,
				15507B0F20C04F4A00D8EBDE /* GoogleSignIn.bundle */,
				1507F6D320C04CDE00966BD8 /* gRPCCertificates.bundle */,
				15FF644021232F1C009CC977 /* FirebaseFunctions.framework */,
				15C2DAD320C0602C0047BC0A /* GoogleSignInDependencies.framework */,
				15C2DAD120C060020047BC0A /* GoogleToolboxForMac.framework */,
				15C2DACB20C059CF0047BC0A /* GTMSessionFetcher.framework */,
				15507B1020C04F4A00D8EBDE /* GoogleSignIn.framework */,
				1507F6D520C04CEC00966BD8 /* FirebaseStorage.framework */,
				1507F6C620C04CD300966BD8 /* BoringSSL.framework */,
				1507F6C720C04CD400966BD8 /* FirebaseFirestore.framework */,
				1507F6C820C04CD500966BD8 /* gRPC-Core.framework */,
				1507F6C920C04CD500966BD8 /* gRPC-ProtoRPC.framework */,
				1507F6CA20C04CD500966BD8 /* gRPC-RxLibrary.framework */,
				1507F6C420C04CD200966BD8 /* gRPC.framework */,
				1507F6C320C04CD200966BD8 /* leveldb-library.framework */,
				1507F6C520C04CD200966BD8 /* Protobuf.framework */,
				1507F6C020C04CC700966BD8 /* FirebaseAuth.framework */,
				1507F6B220C04CBF00966BD8 /* FirebaseAnalytics.framework */,
				1507F6B520C04CBF00966BD8 /* FirebaseCore.framework */,
				1507F6B420C04CBF00966BD8 /* FirebaseCoreDiagnostics.framework */,
				1507F6B720C04CC000966BD8 /* FirebaseInstanceID.framework */,
				1507F6B320C04CBF00966BD8 /* FirebaseNanoPB.framework */,
				1507F6B620C04CBF00966BD8 /* nanopb.framework */,
			);
			path = LCHelper;
			sourceTree = "<group>";
		};
		15D16D02210A46D500583388 /* User */ = {
			isa = PBXGroup;
			children = (
				15D16D00210A46BB00583388 /* LCUser.swift */,
			);
			path = User;
			sourceTree = "<group>";
		};
		15D16D03210A46EC00583388 /* Helpers */ = {
			isa = PBXGroup;
			children = (
				15AABEDF20B3367200C0550E /* LCHelper.swift */,
				15F3D0F620B7AE91009A7D64 /* LCProjectHelper.swift */,
				15F3D0F820B7AEAB009A7D64 /* LCUserHelper.swift */,
				155553F420BF075600EB312A /* LCServiceHelper.swift */,
				15507B0A20C04E3B00D8EBDE /* LCAuthHelper.swift */,
				15AABEE220B36DD500C0550E /* LCModels.swift */,
				1575675720C97AD50038C1C6 /* LCDebug.swift */,
			);
			path = Helpers;
			sourceTree = "<group>";
		};
		15D16D04210A470600583388 /* Project */ = {
			isa = PBXGroup;
			children = (
				1590AEE420D2D88000151B80 /* LCProject.swift */,
				1590AEE620D2ED0600151B80 /* LCDeck.swift */,
				1590AEE820D2ED3700151B80 /* LCCard.swift */,
			);
			path = Project;
			sourceTree = "<group>";
		};
		15FD0EB7212207F500132B85 /* PDFAssets */ = {
			isa = PBXGroup;
			children = (
				15FD0EB5212207F100132B85 /* whiteBG.pdf */,
			);
			path = PDFAssets;
			sourceTree = "<group>";
		};
		6CB09F09F92D8BF9F9D73D7D /* Frameworks */ = {
			isa = PBXGroup;
			children = (
				15507B1620C04F9600D8EBDE /* SystemConfiguration.framework */,
				15507B1420C04F8A00D8EBDE /* SafariServices.framework */,
				E7C667D13437F7F880722AD4 /* Pods_LeanImpactCanvas.framework */,
				821DAFEA81F71AC45A27C037 /* Pods_LeanImpactCanvasTests.framework */,
				E428E4AACE9EC09532A8F31E /* Pods_LeanImpactCanvasUITests.framework */,
				85A722FB4F419FC91A864663 /* Pods_LCHelper.framework */,
			);
			name = Frameworks;
			sourceTree = "<group>";
		};
		EA538685F3FC81D613262465 /* Pods */ = {
			isa = PBXGroup;
			children = (
				F32571FEBA04643F3F562437 /* Pods-LeanImpactCanvas.debug.xcconfig */,
				9819707844B413E50FBD59CB /* Pods-LeanImpactCanvas.release.xcconfig */,
				45000768EF3534D827F02E96 /* Pods-LeanImpactCanvasTests.debug.xcconfig */,
				E01665C11C371E8E9426A080 /* Pods-LeanImpactCanvasTests.release.xcconfig */,
				D76617CE2E8B5D78482CB268 /* Pods-LeanImpactCanvasUITests.debug.xcconfig */,
				A5FAE348E95823374E8F47D7 /* Pods-LeanImpactCanvasUITests.release.xcconfig */,
				A70EE272BE7FC2455D2443B3 /* Pods-LCHelper.debug.xcconfig */,
				2B3197E0E715179DEF69CB2C /* Pods-LCHelper.release.xcconfig */,
			);
			name = Pods;
			sourceTree = "<group>";
		};
/* End PBXGroup section */

/* Begin PBXHeadersBuildPhase section */
		15B87AFA20B71C2300BBD11B /* Headers */ = {
			isa = PBXHeadersBuildPhase;
			buildActionMask = 2147483647;
			files = (
				15B87B0F20B71C2300BBD11B /* LCHelper.h in Headers */,
				157E51D220BF2ECC001EE79A /* Firebase.h in Headers */,
			);
			runOnlyForDeploymentPostprocessing = 0;
		};
/* End PBXHeadersBuildPhase section */

/* Begin PBXNativeTarget section */
		15A816CB20ACBDBD005898C2 /* LeanImpactCanvas */ = {
			isa = PBXNativeTarget;
			buildConfigurationList = 15A816F420ACBDBF005898C2 /* Build configuration list for PBXNativeTarget "LeanImpactCanvas" */;
			buildPhases = (
				F75340871EBE5254479F24F2 /* [CP] Check Pods Manifest.lock */,
				15A816C820ACBDBD005898C2 /* Sources */,
				15A816C920ACBDBD005898C2 /* Frameworks */,
				15A816CA20ACBDBD005898C2 /* Resources */,
				3EB39933A3C0EF044859BF0A /* [CP] Embed Pods Frameworks */,
				1507F6B020C04C8D00966BD8 /* Embed Frameworks */,
			);
			buildRules = (
			);
			dependencies = (
				1507F6AF20C04C8D00966BD8 /* PBXTargetDependency */,
			);
			name = LeanImpactCanvas;
			productName = LeanImpactCanvas;
			productReference = 15A816CC20ACBDBD005898C2 /* LeanImpactCanvas.app */;
			productType = "com.apple.product-type.application";
		};
		15A816DF20ACBDBF005898C2 /* LeanImpactCanvasTests */ = {
			isa = PBXNativeTarget;
			buildConfigurationList = 15A816F720ACBDBF005898C2 /* Build configuration list for PBXNativeTarget "LeanImpactCanvasTests" */;
			buildPhases = (
				5E4CD350116759E0C1D8100C /* [CP] Check Pods Manifest.lock */,
				15A816DC20ACBDBF005898C2 /* Sources */,
				15A816DD20ACBDBF005898C2 /* Frameworks */,
				15A816DE20ACBDBF005898C2 /* Resources */,
			);
			buildRules = (
			);
			dependencies = (
				15A816E220ACBDBF005898C2 /* PBXTargetDependency */,
			);
			name = LeanImpactCanvasTests;
			productName = LeanImpactCanvasTests;
			productReference = 15A816E020ACBDBF005898C2 /* LeanImpactCanvasTests.xctest */;
			productType = "com.apple.product-type.bundle.unit-test";
		};
		15A816EA20ACBDBF005898C2 /* LeanImpactCanvasUITests */ = {
			isa = PBXNativeTarget;
			buildConfigurationList = 15A816FA20ACBDBF005898C2 /* Build configuration list for PBXNativeTarget "LeanImpactCanvasUITests" */;
			buildPhases = (
				AE94CC8B965533B20D167F46 /* [CP] Check Pods Manifest.lock */,
				15A816E720ACBDBF005898C2 /* Sources */,
				15A816E820ACBDBF005898C2 /* Frameworks */,
				15A816E920ACBDBF005898C2 /* Resources */,
			);
			buildRules = (
			);
			dependencies = (
				15A816ED20ACBDBF005898C2 /* PBXTargetDependency */,
			);
			name = LeanImpactCanvasUITests;
			productName = LeanImpactCanvasUITests;
			productReference = 15A816EB20ACBDBF005898C2 /* LeanImpactCanvasUITests.xctest */;
			productType = "com.apple.product-type.bundle.ui-testing";
		};
		15B87AFC20B71C2300BBD11B /* LCHelper */ = {
			isa = PBXNativeTarget;
			buildConfigurationList = 15B87B1820B71C2300BBD11B /* Build configuration list for PBXNativeTarget "LCHelper" */;
			buildPhases = (
				63637CB85C9980C2EFA35EA5 /* [CP] Check Pods Manifest.lock */,
				15B87AF820B71C2300BBD11B /* Sources */,
				15B87AF920B71C2300BBD11B /* Frameworks */,
				15B87AFA20B71C2300BBD11B /* Headers */,
				15B87AFB20B71C2300BBD11B /* Resources */,
			);
			buildRules = (
			);
			dependencies = (
			);
			name = LCHelper;
			productName = FSHelper;
			productReference = 15B87AFD20B71C2300BBD11B /* LCHelper.framework */;
			productType = "com.apple.product-type.framework";
		};
/* End PBXNativeTarget section */

/* Begin PBXProject section */
		15A816C420ACBDBD005898C2 /* Project object */ = {
			isa = PBXProject;
			attributes = {
				LastSwiftUpdateCheck = 0930;
				LastUpgradeCheck = 0930;
				ORGANIZATIONNAME = SolanoSoftwareSolutionsLLC;
				TargetAttributes = {
					15A816CB20ACBDBD005898C2 = {
						CreatedOnToolsVersion = 9.3.1;
					};
					15A816DF20ACBDBF005898C2 = {
						CreatedOnToolsVersion = 9.3.1;
						TestTargetID = 15A816CB20ACBDBD005898C2;
					};
					15A816EA20ACBDBF005898C2 = {
						CreatedOnToolsVersion = 9.3.1;
						TestTargetID = 15A816CB20ACBDBD005898C2;
					};
					15B87AFC20B71C2300BBD11B = {
						CreatedOnToolsVersion = 9.3.1;
						LastSwiftMigration = 0930;
					};
				};
			};
			buildConfigurationList = 15A816C720ACBDBD005898C2 /* Build configuration list for PBXProject "LeanImpactCanvas" */;
			compatibilityVersion = "Xcode 9.3";
			developmentRegion = en;
			hasScannedForEncodings = 0;
			knownRegions = (
				en,
				Base,
			);
			mainGroup = 15A816C320ACBDBD005898C2;
			productRefGroup = 15A816CD20ACBDBD005898C2 /* Products */;
			projectDirPath = "";
			projectRoot = "";
			targets = (
				15A816CB20ACBDBD005898C2 /* LeanImpactCanvas */,
				15A816DF20ACBDBF005898C2 /* LeanImpactCanvasTests */,
				15A816EA20ACBDBF005898C2 /* LeanImpactCanvasUITests */,
				15B87AFC20B71C2300BBD11B /* LCHelper */,
			);
		};
/* End PBXProject section */

/* Begin PBXResourcesBuildPhase section */
		15A816CA20ACBDBD005898C2 /* Resources */ = {
			isa = PBXResourcesBuildPhase;
			buildActionMask = 2147483647;
			files = (
				15FD0EB6212207F200132B85 /* whiteBG.pdf in Resources */,
				15A816DA20ACBDBF005898C2 /* LaunchScreen.storyboard in Resources */,
				15A816FE20ACC0D8005898C2 /* GoogleService-Info.plist in Resources */,
				15A816D720ACBDBF005898C2 /* Assets.xcassets in Resources */,
				15A816D520ACBDBD005898C2 /* Main.storyboard in Resources */,
			);
			runOnlyForDeploymentPostprocessing = 0;
		};
		15A816DE20ACBDBF005898C2 /* Resources */ = {
			isa = PBXResourcesBuildPhase;
			buildActionMask = 2147483647;
			files = (
			);
			runOnlyForDeploymentPostprocessing = 0;
		};
		15A816E920ACBDBF005898C2 /* Resources */ = {
			isa = PBXResourcesBuildPhase;
			buildActionMask = 2147483647;
			files = (
			);
			runOnlyForDeploymentPostprocessing = 0;
		};
		15B87AFB20B71C2300BBD11B /* Resources */ = {
			isa = PBXResourcesBuildPhase;
			buildActionMask = 2147483647;
			files = (
				15507B1220C04F4A00D8EBDE /* GoogleSignIn.bundle in Resources */,
				1507F6D420C04CDE00966BD8 /* gRPCCertificates.bundle in Resources */,
			);
			runOnlyForDeploymentPostprocessing = 0;
		};
/* End PBXResourcesBuildPhase section */

/* Begin PBXShellScriptBuildPhase section */
		3EB39933A3C0EF044859BF0A /* [CP] Embed Pods Frameworks */ = {
			isa = PBXShellScriptBuildPhase;
			buildActionMask = 2147483647;
			files = (
			);
			inputPaths = (
				"${SRCROOT}/Pods/Target Support Files/Pods-LeanImpactCanvas/Pods-LeanImpactCanvas-frameworks.sh",
				"${BUILT_PRODUCTS_DIR}/SDWebImage/SDWebImage.framework",
				"${BUILT_PRODUCTS_DIR}/SwiftyJSON/SwiftyJSON.framework",
			);
			name = "[CP] Embed Pods Frameworks";
			outputPaths = (
				"${TARGET_BUILD_DIR}/${FRAMEWORKS_FOLDER_PATH}/SDWebImage.framework",
				"${TARGET_BUILD_DIR}/${FRAMEWORKS_FOLDER_PATH}/SwiftyJSON.framework",
			);
			runOnlyForDeploymentPostprocessing = 0;
			shellPath = /bin/sh;
			shellScript = "\"${SRCROOT}/Pods/Target Support Files/Pods-LeanImpactCanvas/Pods-LeanImpactCanvas-frameworks.sh\"\n";
			showEnvVarsInLog = 0;
		};
		5E4CD350116759E0C1D8100C /* [CP] Check Pods Manifest.lock */ = {
			isa = PBXShellScriptBuildPhase;
			buildActionMask = 2147483647;
			files = (
			);
			inputPaths = (
				"${PODS_PODFILE_DIR_PATH}/Podfile.lock",
				"${PODS_ROOT}/Manifest.lock",
			);
			name = "[CP] Check Pods Manifest.lock";
			outputPaths = (
				"$(DERIVED_FILE_DIR)/Pods-LeanImpactCanvasTests-checkManifestLockResult.txt",
			);
			runOnlyForDeploymentPostprocessing = 0;
			shellPath = /bin/sh;
			shellScript = "diff \"${PODS_PODFILE_DIR_PATH}/Podfile.lock\" \"${PODS_ROOT}/Manifest.lock\" > /dev/null\nif [ $? != 0 ] ; then\n    # print error to STDERR\n    echo \"error: The sandbox is not in sync with the Podfile.lock. Run 'pod install' or update your CocoaPods installation.\" >&2\n    exit 1\nfi\n# This output is used by Xcode 'outputs' to avoid re-running this script phase.\necho \"SUCCESS\" > \"${SCRIPT_OUTPUT_FILE_0}\"\n";
			showEnvVarsInLog = 0;
		};
		63637CB85C9980C2EFA35EA5 /* [CP] Check Pods Manifest.lock */ = {
			isa = PBXShellScriptBuildPhase;
			buildActionMask = 2147483647;
			files = (
			);
			inputPaths = (
				"${PODS_PODFILE_DIR_PATH}/Podfile.lock",
				"${PODS_ROOT}/Manifest.lock",
			);
			name = "[CP] Check Pods Manifest.lock";
			outputPaths = (
				"$(DERIVED_FILE_DIR)/Pods-LCHelper-checkManifestLockResult.txt",
			);
			runOnlyForDeploymentPostprocessing = 0;
			shellPath = /bin/sh;
			shellScript = "diff \"${PODS_PODFILE_DIR_PATH}/Podfile.lock\" \"${PODS_ROOT}/Manifest.lock\" > /dev/null\nif [ $? != 0 ] ; then\n    # print error to STDERR\n    echo \"error: The sandbox is not in sync with the Podfile.lock. Run 'pod install' or update your CocoaPods installation.\" >&2\n    exit 1\nfi\n# This output is used by Xcode 'outputs' to avoid re-running this script phase.\necho \"SUCCESS\" > \"${SCRIPT_OUTPUT_FILE_0}\"\n";
			showEnvVarsInLog = 0;
		};
		AE94CC8B965533B20D167F46 /* [CP] Check Pods Manifest.lock */ = {
			isa = PBXShellScriptBuildPhase;
			buildActionMask = 2147483647;
			files = (
			);
			inputPaths = (
				"${PODS_PODFILE_DIR_PATH}/Podfile.lock",
				"${PODS_ROOT}/Manifest.lock",
			);
			name = "[CP] Check Pods Manifest.lock";
			outputPaths = (
				"$(DERIVED_FILE_DIR)/Pods-LeanImpactCanvasUITests-checkManifestLockResult.txt",
			);
			runOnlyForDeploymentPostprocessing = 0;
			shellPath = /bin/sh;
			shellScript = "diff \"${PODS_PODFILE_DIR_PATH}/Podfile.lock\" \"${PODS_ROOT}/Manifest.lock\" > /dev/null\nif [ $? != 0 ] ; then\n    # print error to STDERR\n    echo \"error: The sandbox is not in sync with the Podfile.lock. Run 'pod install' or update your CocoaPods installation.\" >&2\n    exit 1\nfi\n# This output is used by Xcode 'outputs' to avoid re-running this script phase.\necho \"SUCCESS\" > \"${SCRIPT_OUTPUT_FILE_0}\"\n";
			showEnvVarsInLog = 0;
		};
		F75340871EBE5254479F24F2 /* [CP] Check Pods Manifest.lock */ = {
			isa = PBXShellScriptBuildPhase;
			buildActionMask = 2147483647;
			files = (
			);
			inputPaths = (
				"${PODS_PODFILE_DIR_PATH}/Podfile.lock",
				"${PODS_ROOT}/Manifest.lock",
			);
			name = "[CP] Check Pods Manifest.lock";
			outputPaths = (
				"$(DERIVED_FILE_DIR)/Pods-LeanImpactCanvas-checkManifestLockResult.txt",
			);
			runOnlyForDeploymentPostprocessing = 0;
			shellPath = /bin/sh;
			shellScript = "diff \"${PODS_PODFILE_DIR_PATH}/Podfile.lock\" \"${PODS_ROOT}/Manifest.lock\" > /dev/null\nif [ $? != 0 ] ; then\n    # print error to STDERR\n    echo \"error: The sandbox is not in sync with the Podfile.lock. Run 'pod install' or update your CocoaPods installation.\" >&2\n    exit 1\nfi\n# This output is used by Xcode 'outputs' to avoid re-running this script phase.\necho \"SUCCESS\" > \"${SCRIPT_OUTPUT_FILE_0}\"\n";
			showEnvVarsInLog = 0;
		};
/* End PBXShellScriptBuildPhase section */

/* Begin PBXSourcesBuildPhase section */
		15A816C820ACBDBD005898C2 /* Sources */ = {
			isa = PBXSourcesBuildPhase;
			buildActionMask = 2147483647;
			files = (
				15D16CFF210A3CAE00583388 /* DeckCell.swift in Sources */,
				1590AEE120D17A2900151B80 /* ProjectsViewController.swift in Sources */,
				15A816D220ACBDBD005898C2 /* SignInViewController.swift in Sources */,
				15FD0EB921232A9300132B85 /* NewProjectViewController.swift in Sources */,
				15A1321D20EEA1D7006245E7 /* SectionCell.swift in Sources */,
				15EAA3B420CAEB9C0022E95C /* OrientationUtility.swift in Sources */,
				15A1321B20EC19F1006245E7 /* PresentationViewController.swift in Sources */,
				15A1321520EC1960006245E7 /* CardViewController.swift in Sources */,
				1590AEE320D2C7A200151B80 /* ProjectCell.swift in Sources */,
				15A816D020ACBDBD005898C2 /* AppDelegate.swift in Sources */,
				15A1321120EC1489006245E7 /* DecksViewController.swift in Sources */,
			);
			runOnlyForDeploymentPostprocessing = 0;
		};
		15A816DC20ACBDBF005898C2 /* Sources */ = {
			isa = PBXSourcesBuildPhase;
			buildActionMask = 2147483647;
			files = (
				15A816E520ACBDBF005898C2 /* LeanImpactCanvasTests.swift in Sources */,
			);
			runOnlyForDeploymentPostprocessing = 0;
		};
		15A816E720ACBDBF005898C2 /* Sources */ = {
			isa = PBXSourcesBuildPhase;
			buildActionMask = 2147483647;
			files = (
				15A816F020ACBDBF005898C2 /* LeanImpactCanvasUITests.swift in Sources */,
			);
			runOnlyForDeploymentPostprocessing = 0;
		};
		15B87AF820B71C2300BBD11B /* Sources */ = {
			isa = PBXSourcesBuildPhase;
			buildActionMask = 2147483647;
			files = (
				15F3D0F720B7AE91009A7D64 /* LCProjectHelper.swift in Sources */,
				15F3D0F920B7AEAB009A7D64 /* LCUserHelper.swift in Sources */,
				15B87B1C20B71C4100BBD11B /* LCModels.swift in Sources */,
				155553F520BF075600EB312A /* LCServiceHelper.swift in Sources */,
				15B87B1B20B71C4100BBD11B /* LCHelper.swift in Sources */,
				1590AEE920D2ED3700151B80 /* LCCard.swift in Sources */,
				1590AEE720D2ED0600151B80 /* LCDeck.swift in Sources */,
				1590AEE520D2D88000151B80 /* LCProject.swift in Sources */,
				15507B0B20C04E3B00D8EBDE /* LCAuthHelper.swift in Sources */,
				15D16D01210A46BB00583388 /* LCUser.swift in Sources */,
				1575675820C97AD50038C1C6 /* LCDebug.swift in Sources */,
			);
			runOnlyForDeploymentPostprocessing = 0;
		};
/* End PBXSourcesBuildPhase section */

/* Begin PBXTargetDependency section */
		1507F6AF20C04C8D00966BD8 /* PBXTargetDependency */ = {
			isa = PBXTargetDependency;
			target = 15B87AFC20B71C2300BBD11B /* LCHelper */;
			targetProxy = 1507F6AE20C04C8D00966BD8 /* PBXContainerItemProxy */;
		};
		15A816E220ACBDBF005898C2 /* PBXTargetDependency */ = {
			isa = PBXTargetDependency;
			target = 15A816CB20ACBDBD005898C2 /* LeanImpactCanvas */;
			targetProxy = 15A816E120ACBDBF005898C2 /* PBXContainerItemProxy */;
		};
		15A816ED20ACBDBF005898C2 /* PBXTargetDependency */ = {
			isa = PBXTargetDependency;
			target = 15A816CB20ACBDBD005898C2 /* LeanImpactCanvas */;
			targetProxy = 15A816EC20ACBDBF005898C2 /* PBXContainerItemProxy */;
		};
/* End PBXTargetDependency section */

/* Begin PBXVariantGroup section */
		15A816D320ACBDBD005898C2 /* Main.storyboard */ = {
			isa = PBXVariantGroup;
			children = (
				15A816D420ACBDBD005898C2 /* Base */,
			);
			name = Main.storyboard;
			sourceTree = "<group>";
		};
		15A816D820ACBDBF005898C2 /* LaunchScreen.storyboard */ = {
			isa = PBXVariantGroup;
			children = (
				15A816D920ACBDBF005898C2 /* Base */,
			);
			name = LaunchScreen.storyboard;
			sourceTree = "<group>";
		};
/* End PBXVariantGroup section */

/* Begin XCBuildConfiguration section */
		15A816F220ACBDBF005898C2 /* Debug */ = {
			isa = XCBuildConfiguration;
			buildSettings = {
				ALWAYS_SEARCH_USER_PATHS = NO;
				CLANG_ANALYZER_NONNULL = YES;
				CLANG_ANALYZER_NUMBER_OBJECT_CONVERSION = YES_AGGRESSIVE;
				CLANG_CXX_LANGUAGE_STANDARD = "gnu++14";
				CLANG_CXX_LIBRARY = "libc++";
				CLANG_ENABLE_MODULES = YES;
				CLANG_ENABLE_OBJC_ARC = YES;
				CLANG_ENABLE_OBJC_WEAK = YES;
				CLANG_WARN_BLOCK_CAPTURE_AUTORELEASING = YES;
				CLANG_WARN_BOOL_CONVERSION = YES;
				CLANG_WARN_COMMA = YES;
				CLANG_WARN_CONSTANT_CONVERSION = YES;
				CLANG_WARN_DEPRECATED_OBJC_IMPLEMENTATIONS = YES;
				CLANG_WARN_DIRECT_OBJC_ISA_USAGE = YES_ERROR;
				CLANG_WARN_DOCUMENTATION_COMMENTS = YES;
				CLANG_WARN_EMPTY_BODY = YES;
				CLANG_WARN_ENUM_CONVERSION = YES;
				CLANG_WARN_INFINITE_RECURSION = YES;
				CLANG_WARN_INT_CONVERSION = YES;
				CLANG_WARN_NON_LITERAL_NULL_CONVERSION = YES;
				CLANG_WARN_OBJC_IMPLICIT_RETAIN_SELF = YES;
				CLANG_WARN_OBJC_LITERAL_CONVERSION = YES;
				CLANG_WARN_OBJC_ROOT_CLASS = YES_ERROR;
				CLANG_WARN_RANGE_LOOP_ANALYSIS = YES;
				CLANG_WARN_STRICT_PROTOTYPES = YES;
				CLANG_WARN_SUSPICIOUS_MOVE = YES;
				CLANG_WARN_UNGUARDED_AVAILABILITY = YES_AGGRESSIVE;
				CLANG_WARN_UNREACHABLE_CODE = YES;
				CLANG_WARN__DUPLICATE_METHOD_MATCH = YES;
				CODE_SIGN_IDENTITY = "iPhone Developer";
				COPY_PHASE_STRIP = NO;
				DEBUG_INFORMATION_FORMAT = dwarf;
				ENABLE_STRICT_OBJC_MSGSEND = YES;
				ENABLE_TESTABILITY = YES;
				GCC_C_LANGUAGE_STANDARD = gnu11;
				GCC_DYNAMIC_NO_PIC = NO;
				GCC_NO_COMMON_BLOCKS = YES;
				GCC_OPTIMIZATION_LEVEL = 0;
				GCC_PREPROCESSOR_DEFINITIONS = (
					"DEBUG=1",
					"$(inherited)",
				);
				GCC_WARN_64_TO_32_BIT_CONVERSION = YES;
				GCC_WARN_ABOUT_RETURN_TYPE = YES_ERROR;
				GCC_WARN_UNDECLARED_SELECTOR = YES;
				GCC_WARN_UNINITIALIZED_AUTOS = YES_AGGRESSIVE;
				GCC_WARN_UNUSED_FUNCTION = YES;
				GCC_WARN_UNUSED_VARIABLE = YES;
				IPHONEOS_DEPLOYMENT_TARGET = 11.0;
				"MODULEMAP_FILE[sdk=*]" = "";
				MTL_ENABLE_DEBUG_INFO = YES;
				ONLY_ACTIVE_ARCH = YES;
				SDKROOT = iphoneos;
				SWIFT_ACTIVE_COMPILATION_CONDITIONS = DEBUG;
				SWIFT_OPTIMIZATION_LEVEL = "-Onone";
			};
			name = Debug;
		};
		15A816F320ACBDBF005898C2 /* Release */ = {
			isa = XCBuildConfiguration;
			buildSettings = {
				ALWAYS_SEARCH_USER_PATHS = NO;
				CLANG_ANALYZER_NONNULL = YES;
				CLANG_ANALYZER_NUMBER_OBJECT_CONVERSION = YES_AGGRESSIVE;
				CLANG_CXX_LANGUAGE_STANDARD = "gnu++14";
				CLANG_CXX_LIBRARY = "libc++";
				CLANG_ENABLE_MODULES = YES;
				CLANG_ENABLE_OBJC_ARC = YES;
				CLANG_ENABLE_OBJC_WEAK = YES;
				CLANG_WARN_BLOCK_CAPTURE_AUTORELEASING = YES;
				CLANG_WARN_BOOL_CONVERSION = YES;
				CLANG_WARN_COMMA = YES;
				CLANG_WARN_CONSTANT_CONVERSION = YES;
				CLANG_WARN_DEPRECATED_OBJC_IMPLEMENTATIONS = YES;
				CLANG_WARN_DIRECT_OBJC_ISA_USAGE = YES_ERROR;
				CLANG_WARN_DOCUMENTATION_COMMENTS = YES;
				CLANG_WARN_EMPTY_BODY = YES;
				CLANG_WARN_ENUM_CONVERSION = YES;
				CLANG_WARN_INFINITE_RECURSION = YES;
				CLANG_WARN_INT_CONVERSION = YES;
				CLANG_WARN_NON_LITERAL_NULL_CONVERSION = YES;
				CLANG_WARN_OBJC_IMPLICIT_RETAIN_SELF = YES;
				CLANG_WARN_OBJC_LITERAL_CONVERSION = YES;
				CLANG_WARN_OBJC_ROOT_CLASS = YES_ERROR;
				CLANG_WARN_RANGE_LOOP_ANALYSIS = YES;
				CLANG_WARN_STRICT_PROTOTYPES = YES;
				CLANG_WARN_SUSPICIOUS_MOVE = YES;
				CLANG_WARN_UNGUARDED_AVAILABILITY = YES_AGGRESSIVE;
				CLANG_WARN_UNREACHABLE_CODE = YES;
				CLANG_WARN__DUPLICATE_METHOD_MATCH = YES;
				CODE_SIGN_IDENTITY = "iPhone Developer";
				COPY_PHASE_STRIP = NO;
				DEBUG_INFORMATION_FORMAT = "dwarf-with-dsym";
				ENABLE_NS_ASSERTIONS = NO;
				ENABLE_STRICT_OBJC_MSGSEND = YES;
				GCC_C_LANGUAGE_STANDARD = gnu11;
				GCC_NO_COMMON_BLOCKS = YES;
				GCC_WARN_64_TO_32_BIT_CONVERSION = YES;
				GCC_WARN_ABOUT_RETURN_TYPE = YES_ERROR;
				GCC_WARN_UNDECLARED_SELECTOR = YES;
				GCC_WARN_UNINITIALIZED_AUTOS = YES_AGGRESSIVE;
				GCC_WARN_UNUSED_FUNCTION = YES;
				GCC_WARN_UNUSED_VARIABLE = YES;
				IPHONEOS_DEPLOYMENT_TARGET = 11.0;
				MTL_ENABLE_DEBUG_INFO = NO;
				SDKROOT = iphoneos;
				SWIFT_COMPILATION_MODE = wholemodule;
				SWIFT_OPTIMIZATION_LEVEL = "-O";
				VALIDATE_PRODUCT = YES;
			};
			name = Release;
		};
		15A816F520ACBDBF005898C2 /* Debug */ = {
			isa = XCBuildConfiguration;
			baseConfigurationReference = F32571FEBA04643F3F562437 /* Pods-LeanImpactCanvas.debug.xcconfig */;
			buildSettings = {
				ALWAYS_EMBED_SWIFT_STANDARD_LIBRARIES = YES;
				ASSETCATALOG_COMPILER_APPICON_NAME = AppIcon;
				CLANG_ALLOW_NON_MODULAR_INCLUDES_IN_FRAMEWORK_MODULES = NO;
				CODE_SIGN_STYLE = Automatic;
				DEVELOPMENT_TEAM = YMTE95552Y;
				INFOPLIST_FILE = LeanImpactCanvas/Info.plist;
				IPHONEOS_DEPLOYMENT_TARGET = 11.0;
				LD_RUNPATH_SEARCH_PATHS = (
					"$(inherited)",
					"@executable_path/Frameworks",
				);
				PRODUCT_BUNDLE_IDENTIFIER = "SSS-LLC.LeanImpactCanvas";
				PRODUCT_NAME = "$(TARGET_NAME)";
				SWIFT_VERSION = 4.0;
				TARGETED_DEVICE_FAMILY = "1,2";
			};
			name = Debug;
		};
		15A816F620ACBDBF005898C2 /* Release */ = {
			isa = XCBuildConfiguration;
			baseConfigurationReference = 9819707844B413E50FBD59CB /* Pods-LeanImpactCanvas.release.xcconfig */;
			buildSettings = {
				ALWAYS_EMBED_SWIFT_STANDARD_LIBRARIES = YES;
				ASSETCATALOG_COMPILER_APPICON_NAME = AppIcon;
				CLANG_ALLOW_NON_MODULAR_INCLUDES_IN_FRAMEWORK_MODULES = NO;
				CODE_SIGN_STYLE = Automatic;
				DEVELOPMENT_TEAM = YMTE95552Y;
				INFOPLIST_FILE = LeanImpactCanvas/Info.plist;
				IPHONEOS_DEPLOYMENT_TARGET = 11.0;
				LD_RUNPATH_SEARCH_PATHS = (
					"$(inherited)",
					"@executable_path/Frameworks",
				);
				PRODUCT_BUNDLE_IDENTIFIER = "SSS-LLC.LeanImpactCanvas";
				PRODUCT_NAME = "$(TARGET_NAME)";
				SWIFT_VERSION = 4.0;
				TARGETED_DEVICE_FAMILY = "1,2";
			};
			name = Release;
		};
		15A816F820ACBDBF005898C2 /* Debug */ = {
			isa = XCBuildConfiguration;
			baseConfigurationReference = 45000768EF3534D827F02E96 /* Pods-LeanImpactCanvasTests.debug.xcconfig */;
			buildSettings = {
				ALWAYS_EMBED_SWIFT_STANDARD_LIBRARIES = YES;
				BUNDLE_LOADER = "$(TEST_HOST)";
				CODE_SIGN_STYLE = Automatic;
				DEVELOPMENT_TEAM = YMTE95552Y;
				INFOPLIST_FILE = LeanImpactCanvasTests/Info.plist;
				LD_RUNPATH_SEARCH_PATHS = (
					"$(inherited)",
					"@executable_path/Frameworks",
					"@loader_path/Frameworks",
				);
				PRODUCT_BUNDLE_IDENTIFIER = "SSS-LLC.LeanImpactCanvasTests";
				PRODUCT_NAME = "$(TARGET_NAME)";
				SWIFT_VERSION = 4.0;
				TARGETED_DEVICE_FAMILY = "1,2";
				TEST_HOST = "$(BUILT_PRODUCTS_DIR)/LeanImpactCanvas.app/LeanImpactCanvas";
			};
			name = Debug;
		};
		15A816F920ACBDBF005898C2 /* Release */ = {
			isa = XCBuildConfiguration;
			baseConfigurationReference = E01665C11C371E8E9426A080 /* Pods-LeanImpactCanvasTests.release.xcconfig */;
			buildSettings = {
				ALWAYS_EMBED_SWIFT_STANDARD_LIBRARIES = YES;
				BUNDLE_LOADER = "$(TEST_HOST)";
				CODE_SIGN_STYLE = Automatic;
				DEVELOPMENT_TEAM = YMTE95552Y;
				INFOPLIST_FILE = LeanImpactCanvasTests/Info.plist;
				LD_RUNPATH_SEARCH_PATHS = (
					"$(inherited)",
					"@executable_path/Frameworks",
					"@loader_path/Frameworks",
				);
				PRODUCT_BUNDLE_IDENTIFIER = "SSS-LLC.LeanImpactCanvasTests";
				PRODUCT_NAME = "$(TARGET_NAME)";
				SWIFT_VERSION = 4.0;
				TARGETED_DEVICE_FAMILY = "1,2";
				TEST_HOST = "$(BUILT_PRODUCTS_DIR)/LeanImpactCanvas.app/LeanImpactCanvas";
			};
			name = Release;
		};
		15A816FB20ACBDBF005898C2 /* Debug */ = {
			isa = XCBuildConfiguration;
			baseConfigurationReference = D76617CE2E8B5D78482CB268 /* Pods-LeanImpactCanvasUITests.debug.xcconfig */;
			buildSettings = {
				ALWAYS_EMBED_SWIFT_STANDARD_LIBRARIES = YES;
				CODE_SIGN_STYLE = Automatic;
				DEVELOPMENT_TEAM = YMTE95552Y;
				INFOPLIST_FILE = LeanImpactCanvasUITests/Info.plist;
				LD_RUNPATH_SEARCH_PATHS = (
					"$(inherited)",
					"@executable_path/Frameworks",
					"@loader_path/Frameworks",
				);
				PRODUCT_BUNDLE_IDENTIFIER = "SSS-LLC.LeanImpactCanvasUITests";
				PRODUCT_NAME = "$(TARGET_NAME)";
				SWIFT_VERSION = 4.0;
				TARGETED_DEVICE_FAMILY = "1,2";
				TEST_TARGET_NAME = LeanImpactCanvas;
			};
			name = Debug;
		};
		15A816FC20ACBDBF005898C2 /* Release */ = {
			isa = XCBuildConfiguration;
			baseConfigurationReference = A5FAE348E95823374E8F47D7 /* Pods-LeanImpactCanvasUITests.release.xcconfig */;
			buildSettings = {
				ALWAYS_EMBED_SWIFT_STANDARD_LIBRARIES = YES;
				CODE_SIGN_STYLE = Automatic;
				DEVELOPMENT_TEAM = YMTE95552Y;
				INFOPLIST_FILE = LeanImpactCanvasUITests/Info.plist;
				LD_RUNPATH_SEARCH_PATHS = (
					"$(inherited)",
					"@executable_path/Frameworks",
					"@loader_path/Frameworks",
				);
				PRODUCT_BUNDLE_IDENTIFIER = "SSS-LLC.LeanImpactCanvasUITests";
				PRODUCT_NAME = "$(TARGET_NAME)";
				SWIFT_VERSION = 4.0;
				TARGETED_DEVICE_FAMILY = "1,2";
				TEST_TARGET_NAME = LeanImpactCanvas;
			};
			name = Release;
		};
		15B87B1420B71C2300BBD11B /* Debug */ = {
			isa = XCBuildConfiguration;
			baseConfigurationReference = A70EE272BE7FC2455D2443B3 /* Pods-LCHelper.debug.xcconfig */;
			buildSettings = {
				CLANG_ALLOW_NON_MODULAR_INCLUDES_IN_FRAMEWORK_MODULES = NO;
				CLANG_ENABLE_MODULES = YES;
				CODE_SIGN_IDENTITY = "";
				CODE_SIGN_STYLE = Automatic;
				CURRENT_PROJECT_VERSION = 1;
				DEFINES_MODULE = YES;
				DEVELOPMENT_TEAM = YMTE95552Y;
				DYLIB_COMPATIBILITY_VERSION = 1;
				DYLIB_CURRENT_VERSION = 1;
				DYLIB_INSTALL_NAME_BASE = "@rpath";
				FRAMEWORK_SEARCH_PATHS = (
					"$(inherited)",
					"$(PROJECT_DIR)/LCHelper",
				);
				INFOPLIST_FILE = "$(SRCROOT)/LCHelper/Info.plist";
				INSTALL_PATH = "$(LOCAL_LIBRARY_DIR)/Frameworks";
				IPHONEOS_DEPLOYMENT_TARGET = 11.0;
				LD_RUNPATH_SEARCH_PATHS = (
					"$(inherited)",
					"@executable_path/Frameworks",
					"@loader_path/Frameworks",
				);
				LIBRARY_SEARCH_PATHS = (
					"$(inherited)",
					"$(PROJECT_DIR)/LCHelper",
				);
				"OTHER_LDFLAGS[arch=*]" = "-ObjC";
				PRODUCT_BUNDLE_IDENTIFIER = "SSS-LLC.FSHelper";
				PRODUCT_NAME = "$(TARGET_NAME:c99extidentifier)";
				SKIP_INSTALL = YES;
				SWIFT_OPTIMIZATION_LEVEL = "-Onone";
				SWIFT_VERSION = 4.0;
				TARGETED_DEVICE_FAMILY = "1,2";
				VERSIONING_SYSTEM = "apple-generic";
				VERSION_INFO_PREFIX = "";
			};
			name = Debug;
		};
		15B87B1520B71C2300BBD11B /* Release */ = {
			isa = XCBuildConfiguration;
			baseConfigurationReference = 2B3197E0E715179DEF69CB2C /* Pods-LCHelper.release.xcconfig */;
			buildSettings = {
				CLANG_ALLOW_NON_MODULAR_INCLUDES_IN_FRAMEWORK_MODULES = NO;
				CLANG_ENABLE_MODULES = YES;
				CODE_SIGN_IDENTITY = "";
				CODE_SIGN_STYLE = Automatic;
				CURRENT_PROJECT_VERSION = 1;
				DEFINES_MODULE = YES;
				DEVELOPMENT_TEAM = YMTE95552Y;
				DYLIB_COMPATIBILITY_VERSION = 1;
				DYLIB_CURRENT_VERSION = 1;
				DYLIB_INSTALL_NAME_BASE = "@rpath";
				FRAMEWORK_SEARCH_PATHS = (
					"$(inherited)",
					"$(PROJECT_DIR)/LCHelper",
				);
				INFOPLIST_FILE = "$(SRCROOT)/LCHelper/Info.plist";
				INSTALL_PATH = "$(LOCAL_LIBRARY_DIR)/Frameworks";
				IPHONEOS_DEPLOYMENT_TARGET = 11.0;
				LD_RUNPATH_SEARCH_PATHS = (
					"$(inherited)",
					"@executable_path/Frameworks",
					"@loader_path/Frameworks",
				);
				LIBRARY_SEARCH_PATHS = (
					"$(inherited)",
					"$(PROJECT_DIR)/LCHelper",
				);
				"OTHER_LDFLAGS[arch=*]" = "-ObjC";
				PRODUCT_BUNDLE_IDENTIFIER = "SSS-LLC.FSHelper";
				PRODUCT_NAME = "$(TARGET_NAME:c99extidentifier)";
				SKIP_INSTALL = YES;
				SWIFT_VERSION = 4.0;
				TARGETED_DEVICE_FAMILY = "1,2";
				VERSIONING_SYSTEM = "apple-generic";
				VERSION_INFO_PREFIX = "";
			};
			name = Release;
		};
/* End XCBuildConfiguration section */

/* Begin XCConfigurationList section */
		15A816C720ACBDBD005898C2 /* Build configuration list for PBXProject "LeanImpactCanvas" */ = {
			isa = XCConfigurationList;
			buildConfigurations = (
				15A816F220ACBDBF005898C2 /* Debug */,
				15A816F320ACBDBF005898C2 /* Release */,
			);
			defaultConfigurationIsVisible = 0;
			defaultConfigurationName = Release;
		};
		15A816F420ACBDBF005898C2 /* Build configuration list for PBXNativeTarget "LeanImpactCanvas" */ = {
			isa = XCConfigurationList;
			buildConfigurations = (
				15A816F520ACBDBF005898C2 /* Debug */,
				15A816F620ACBDBF005898C2 /* Release */,
			);
			defaultConfigurationIsVisible = 0;
			defaultConfigurationName = Release;
		};
		15A816F720ACBDBF005898C2 /* Build configuration list for PBXNativeTarget "LeanImpactCanvasTests" */ = {
			isa = XCConfigurationList;
			buildConfigurations = (
				15A816F820ACBDBF005898C2 /* Debug */,
				15A816F920ACBDBF005898C2 /* Release */,
			);
			defaultConfigurationIsVisible = 0;
			defaultConfigurationName = Release;
		};
		15A816FA20ACBDBF005898C2 /* Build configuration list for PBXNativeTarget "LeanImpactCanvasUITests" */ = {
			isa = XCConfigurationList;
			buildConfigurations = (
				15A816FB20ACBDBF005898C2 /* Debug */,
				15A816FC20ACBDBF005898C2 /* Release */,
			);
			defaultConfigurationIsVisible = 0;
			defaultConfigurationName = Release;
		};
		15B87B1820B71C2300BBD11B /* Build configuration list for PBXNativeTarget "LCHelper" */ = {
			isa = XCConfigurationList;
			buildConfigurations = (
				15B87B1420B71C2300BBD11B /* Debug */,
				15B87B1520B71C2300BBD11B /* Release */,
			);
			defaultConfigurationIsVisible = 0;
			defaultConfigurationName = Release;
		};
/* End XCConfigurationList section */
	};
	rootObject = 15A816C420ACBDBD005898C2 /* Project object */;
}
