// !$*UTF8*$!
{
	archiveVersion = 1;
	classes = {
	};
	objectVersion = 50;
	objects = {

/* Begin PBXBuildFile section */
		15A816D020ACBDBD005898C2 /* AppDelegate.swift in Sources */ = {isa = PBXBuildFile; fileRef = 15A816CF20ACBDBD005898C2 /* AppDelegate.swift */; };
		15A816D220ACBDBD005898C2 /* ViewController.swift in Sources */ = {isa = PBXBuildFile; fileRef = 15A816D120ACBDBD005898C2 /* ViewController.swift */; };
		15A816D520ACBDBD005898C2 /* Main.storyboard in Resources */ = {isa = PBXBuildFile; fileRef = 15A816D320ACBDBD005898C2 /* Main.storyboard */; };
		15A816D720ACBDBF005898C2 /* Assets.xcassets in Resources */ = {isa = PBXBuildFile; fileRef = 15A816D620ACBDBF005898C2 /* Assets.xcassets */; };
		15A816DA20ACBDBF005898C2 /* LaunchScreen.storyboard in Resources */ = {isa = PBXBuildFile; fileRef = 15A816D820ACBDBF005898C2 /* LaunchScreen.storyboard */; };
		15A816E520ACBDBF005898C2 /* LeanImpactCanvasTests.swift in Sources */ = {isa = PBXBuildFile; fileRef = 15A816E420ACBDBF005898C2 /* LeanImpactCanvasTests.swift */; };
		15A816F020ACBDBF005898C2 /* LeanImpactCanvasUITests.swift in Sources */ = {isa = PBXBuildFile; fileRef = 15A816EF20ACBDBF005898C2 /* LeanImpactCanvasUITests.swift */; };
		15A816FE20ACC0D8005898C2 /* GoogleService-Info.plist in Resources */ = {isa = PBXBuildFile; fileRef = 15A816FD20ACC0D8005898C2 /* GoogleService-Info.plist */; };
		3DFC54CCFC2AF3FE8C6A30C6 /* Pods_LeanImpactCanvasUITests.framework in Frameworks */ = {isa = PBXBuildFile; fileRef = 608538C8FEF9694933C7C386 /* Pods_LeanImpactCanvasUITests.framework */; };
		A0FBA8B6DA0CDBE43A88ADE1 /* Pods_LeanImpactCanvasTests.framework in Frameworks */ = {isa = PBXBuildFile; fileRef = 7413A8436B1606C49E580099 /* Pods_LeanImpactCanvasTests.framework */; };
		EEBE04AC456360BF9ED208A5 /* Pods_LeanImpactCanvas.framework in Frameworks */ = {isa = PBXBuildFile; fileRef = FAC5DF72B22843D0939655E5 /* Pods_LeanImpactCanvas.framework */; };
/* End PBXBuildFile section */

/* Begin PBXContainerItemProxy section */
		15A816E120ACBDBF005898C2 /* PBXContainerItemProxy */ = {
			isa = PBXContainerItemProxy;
			containerPortal = 15A816C420ACBDBD005898C2 /* Project object */;
			proxyType = 1;
			remoteGlobalIDString = 15A816CB20ACBDBD005898C2;
			remoteInfo = LeanImpactCanvas;
		};
		15A816EC20ACBDBF005898C2 /* PBXContainerItemProxy */ = {
			isa = PBXContainerItemProxy;
			containerPortal = 15A816C420ACBDBD005898C2 /* Project object */;
			proxyType = 1;
			remoteGlobalIDString = 15A816CB20ACBDBD005898C2;
			remoteInfo = LeanImpactCanvas;
		};
/* End PBXContainerItemProxy section */

/* Begin PBXFileReference section */
		103B9AFEEC523EDFFABC18A5 /* Pods-LeanImpactCanvasTests.debug.xcconfig */ = {isa = PBXFileReference; includeInIndex = 1; lastKnownFileType = text.xcconfig; name = "Pods-LeanImpactCanvasTests.debug.xcconfig"; path = "Pods/Target Support Files/Pods-LeanImpactCanvasTests/Pods-LeanImpactCanvasTests.debug.xcconfig"; sourceTree = "<group>"; };
		15A816CC20ACBDBD005898C2 /* LeanImpactCanvas.app */ = {isa = PBXFileReference; explicitFileType = wrapper.application; includeInIndex = 0; path = LeanImpactCanvas.app; sourceTree = BUILT_PRODUCTS_DIR; };
		15A816CF20ACBDBD005898C2 /* AppDelegate.swift */ = {isa = PBXFileReference; lastKnownFileType = sourcecode.swift; path = AppDelegate.swift; sourceTree = "<group>"; };
		15A816D120ACBDBD005898C2 /* ViewController.swift */ = {isa = PBXFileReference; lastKnownFileType = sourcecode.swift; path = ViewController.swift; sourceTree = "<group>"; };
		15A816D420ACBDBD005898C2 /* Base */ = {isa = PBXFileReference; lastKnownFileType = file.storyboard; name = Base; path = Base.lproj/Main.storyboard; sourceTree = "<group>"; };
		15A816D620ACBDBF005898C2 /* Assets.xcassets */ = {isa = PBXFileReference; lastKnownFileType = folder.assetcatalog; path = Assets.xcassets; sourceTree = "<group>"; };
		15A816D920ACBDBF005898C2 /* Base */ = {isa = PBXFileReference; lastKnownFileType = file.storyboard; name = Base; path = Base.lproj/LaunchScreen.storyboard; sourceTree = "<group>"; };
		15A816DB20ACBDBF005898C2 /* Info.plist */ = {isa = PBXFileReference; lastKnownFileType = text.plist.xml; path = Info.plist; sourceTree = "<group>"; };
		15A816E020ACBDBF005898C2 /* LeanImpactCanvasTests.xctest */ = {isa = PBXFileReference; explicitFileType = wrapper.cfbundle; includeInIndex = 0; path = LeanImpactCanvasTests.xctest; sourceTree = BUILT_PRODUCTS_DIR; };
		15A816E420ACBDBF005898C2 /* LeanImpactCanvasTests.swift */ = {isa = PBXFileReference; lastKnownFileType = sourcecode.swift; path = LeanImpactCanvasTests.swift; sourceTree = "<group>"; };
		15A816E620ACBDBF005898C2 /* Info.plist */ = {isa = PBXFileReference; lastKnownFileType = text.plist.xml; path = Info.plist; sourceTree = "<group>"; };
		15A816EB20ACBDBF005898C2 /* LeanImpactCanvasUITests.xctest */ = {isa = PBXFileReference; explicitFileType = wrapper.cfbundle; includeInIndex = 0; path = LeanImpactCanvasUITests.xctest; sourceTree = BUILT_PRODUCTS_DIR; };
		15A816EF20ACBDBF005898C2 /* LeanImpactCanvasUITests.swift */ = {isa = PBXFileReference; lastKnownFileType = sourcecode.swift; path = LeanImpactCanvasUITests.swift; sourceTree = "<group>"; };
		15A816F120ACBDBF005898C2 /* Info.plist */ = {isa = PBXFileReference; lastKnownFileType = text.plist.xml; path = Info.plist; sourceTree = "<group>"; };
		15A816FD20ACC0D8005898C2 /* GoogleService-Info.plist */ = {isa = PBXFileReference; fileEncoding = 4; lastKnownFileType = text.plist.xml; path = "GoogleService-Info.plist"; sourceTree = "<group>"; };
		273E0A9111F8DE302F502B36 /* Pods-LeanImpactCanvasUITests.release.xcconfig */ = {isa = PBXFileReference; includeInIndex = 1; lastKnownFileType = text.xcconfig; name = "Pods-LeanImpactCanvasUITests.release.xcconfig"; path = "Pods/Target Support Files/Pods-LeanImpactCanvasUITests/Pods-LeanImpactCanvasUITests.release.xcconfig"; sourceTree = "<group>"; };
		5205DBB34C54BFDC13E4BB15 /* Pods-LeanImpactCanvas.release.xcconfig */ = {isa = PBXFileReference; includeInIndex = 1; lastKnownFileType = text.xcconfig; name = "Pods-LeanImpactCanvas.release.xcconfig"; path = "Pods/Target Support Files/Pods-LeanImpactCanvas/Pods-LeanImpactCanvas.release.xcconfig"; sourceTree = "<group>"; };
		52AC00572F8C35DFDDBD26D2 /* Pods-LeanImpactCanvasTests.release.xcconfig */ = {isa = PBXFileReference; includeInIndex = 1; lastKnownFileType = text.xcconfig; name = "Pods-LeanImpactCanvasTests.release.xcconfig"; path = "Pods/Target Support Files/Pods-LeanImpactCanvasTests/Pods-LeanImpactCanvasTests.release.xcconfig"; sourceTree = "<group>"; };
		5BDC6E8698E205789A07180D /* Pods-LeanImpactCanvasUITests.debug.xcconfig */ = {isa = PBXFileReference; includeInIndex = 1; lastKnownFileType = text.xcconfig; name = "Pods-LeanImpactCanvasUITests.debug.xcconfig"; path = "Pods/Target Support Files/Pods-LeanImpactCanvasUITests/Pods-LeanImpactCanvasUITests.debug.xcconfig"; sourceTree = "<group>"; };
		608538C8FEF9694933C7C386 /* Pods_LeanImpactCanvasUITests.framework */ = {isa = PBXFileReference; explicitFileType = wrapper.framework; includeInIndex = 0; path = Pods_LeanImpactCanvasUITests.framework; sourceTree = BUILT_PRODUCTS_DIR; };
		7413A8436B1606C49E580099 /* Pods_LeanImpactCanvasTests.framework */ = {isa = PBXFileReference; explicitFileType = wrapper.framework; includeInIndex = 0; path = Pods_LeanImpactCanvasTests.framework; sourceTree = BUILT_PRODUCTS_DIR; };
		ACA279F2ACBE4F80BFE4CD10 /* Pods-LeanImpactCanvas.debug.xcconfig */ = {isa = PBXFileReference; includeInIndex = 1; lastKnownFileType = text.xcconfig; name = "Pods-LeanImpactCanvas.debug.xcconfig"; path = "Pods/Target Support Files/Pods-LeanImpactCanvas/Pods-LeanImpactCanvas.debug.xcconfig"; sourceTree = "<group>"; };
		FAC5DF72B22843D0939655E5 /* Pods_LeanImpactCanvas.framework */ = {isa = PBXFileReference; explicitFileType = wrapper.framework; includeInIndex = 0; path = Pods_LeanImpactCanvas.framework; sourceTree = BUILT_PRODUCTS_DIR; };
/* End PBXFileReference section */

/* Begin PBXFrameworksBuildPhase section */
		15A816C920ACBDBD005898C2 /* Frameworks */ = {
			isa = PBXFrameworksBuildPhase;
			buildActionMask = 2147483647;
			files = (
				EEBE04AC456360BF9ED208A5 /* Pods_LeanImpactCanvas.framework in Frameworks */,
			);
			runOnlyForDeploymentPostprocessing = 0;
		};
		15A816DD20ACBDBF005898C2 /* Frameworks */ = {
			isa = PBXFrameworksBuildPhase;
			buildActionMask = 2147483647;
			files = (
				A0FBA8B6DA0CDBE43A88ADE1 /* Pods_LeanImpactCanvasTests.framework in Frameworks */,
			);
			runOnlyForDeploymentPostprocessing = 0;
		};
		15A816E820ACBDBF005898C2 /* Frameworks */ = {
			isa = PBXFrameworksBuildPhase;
			buildActionMask = 2147483647;
			files = (
				3DFC54CCFC2AF3FE8C6A30C6 /* Pods_LeanImpactCanvasUITests.framework in Frameworks */,
			);
			runOnlyForDeploymentPostprocessing = 0;
		};
/* End PBXFrameworksBuildPhase section */

/* Begin PBXGroup section */
		15A816C320ACBDBD005898C2 = {
			isa = PBXGroup;
			children = (
				15A816CE20ACBDBD005898C2 /* LeanImpactCanvas */,
				15A816E320ACBDBF005898C2 /* LeanImpactCanvasTests */,
				15A816EE20ACBDBF005898C2 /* LeanImpactCanvasUITests */,
				15A816CD20ACBDBD005898C2 /* Products */,
				32552F914FE7EB29AD7CEBEB /* Pods */,
				B869DBDC6363A71BF587124E /* Frameworks */,
			);
			sourceTree = "<group>";
		};
		15A816CD20ACBDBD005898C2 /* Products */ = {
			isa = PBXGroup;
			children = (
				15A816CC20ACBDBD005898C2 /* LeanImpactCanvas.app */,
				15A816E020ACBDBF005898C2 /* LeanImpactCanvasTests.xctest */,
				15A816EB20ACBDBF005898C2 /* LeanImpactCanvasUITests.xctest */,
			);
			name = Products;
			sourceTree = "<group>";
		};
		15A816CE20ACBDBD005898C2 /* LeanImpactCanvas */ = {
			isa = PBXGroup;
			children = (
				15A816CF20ACBDBD005898C2 /* AppDelegate.swift */,
				15A816D120ACBDBD005898C2 /* ViewController.swift */,
				15A816D320ACBDBD005898C2 /* Main.storyboard */,
				15A816D620ACBDBF005898C2 /* Assets.xcassets */,
				15A816D820ACBDBF005898C2 /* LaunchScreen.storyboard */,
				15A816DB20ACBDBF005898C2 /* Info.plist */,
				15A816FD20ACC0D8005898C2 /* GoogleService-Info.plist */,
			);
			path = LeanImpactCanvas;
			sourceTree = "<group>";
		};
		15A816E320ACBDBF005898C2 /* LeanImpactCanvasTests */ = {
			isa = PBXGroup;
			children = (
				15A816E420ACBDBF005898C2 /* LeanImpactCanvasTests.swift */,
				15A816E620ACBDBF005898C2 /* Info.plist */,
			);
			path = LeanImpactCanvasTests;
			sourceTree = "<group>";
		};
		15A816EE20ACBDBF005898C2 /* LeanImpactCanvasUITests */ = {
			isa = PBXGroup;
			children = (
				15A816EF20ACBDBF005898C2 /* LeanImpactCanvasUITests.swift */,
				15A816F120ACBDBF005898C2 /* Info.plist */,
			);
			path = LeanImpactCanvasUITests;
			sourceTree = "<group>";
		};
		32552F914FE7EB29AD7CEBEB /* Pods */ = {
			isa = PBXGroup;
			children = (
				ACA279F2ACBE4F80BFE4CD10 /* Pods-LeanImpactCanvas.debug.xcconfig */,
				5205DBB34C54BFDC13E4BB15 /* Pods-LeanImpactCanvas.release.xcconfig */,
				103B9AFEEC523EDFFABC18A5 /* Pods-LeanImpactCanvasTests.debug.xcconfig */,
				52AC00572F8C35DFDDBD26D2 /* Pods-LeanImpactCanvasTests.release.xcconfig */,
				5BDC6E8698E205789A07180D /* Pods-LeanImpactCanvasUITests.debug.xcconfig */,
				273E0A9111F8DE302F502B36 /* Pods-LeanImpactCanvasUITests.release.xcconfig */,
			);
			name = Pods;
			sourceTree = "<group>";
		};
		B869DBDC6363A71BF587124E /* Frameworks */ = {
			isa = PBXGroup;
			children = (
				FAC5DF72B22843D0939655E5 /* Pods_LeanImpactCanvas.framework */,
				7413A8436B1606C49E580099 /* Pods_LeanImpactCanvasTests.framework */,
				608538C8FEF9694933C7C386 /* Pods_LeanImpactCanvasUITests.framework */,
			);
			name = Frameworks;
			sourceTree = "<group>";
		};
/* End PBXGroup section */

/* Begin PBXNativeTarget section */
		15A816CB20ACBDBD005898C2 /* LeanImpactCanvas */ = {
			isa = PBXNativeTarget;
			buildConfigurationList = 15A816F420ACBDBF005898C2 /* Build configuration list for PBXNativeTarget "LeanImpactCanvas" */;
			buildPhases = (
				68A6AEC4DE692C40397C7143 /* [CP] Check Pods Manifest.lock */,
				15A816C820ACBDBD005898C2 /* Sources */,
				15A816C920ACBDBD005898C2 /* Frameworks */,
				15A816CA20ACBDBD005898C2 /* Resources */,
				EDAA265E12AFB7BF66C1FE96 /* [CP] Embed Pods Frameworks */,
				8D5C0337070A77B4B4CB2297 /* [CP] Copy Pods Resources */,
			);
			buildRules = (
			);
			dependencies = (
			);
			name = LeanImpactCanvas;
			productName = LeanImpactCanvas;
			productReference = 15A816CC20ACBDBD005898C2 /* LeanImpactCanvas.app */;
			productType = "com.apple.product-type.application";
		};
		15A816DF20ACBDBF005898C2 /* LeanImpactCanvasTests */ = {
			isa = PBXNativeTarget;
			buildConfigurationList = 15A816F720ACBDBF005898C2 /* Build configuration list for PBXNativeTarget "LeanImpactCanvasTests" */;
			buildPhases = (
				FB594026129EF57F895FFD4C /* [CP] Check Pods Manifest.lock */,
				15A816DC20ACBDBF005898C2 /* Sources */,
				15A816DD20ACBDBF005898C2 /* Frameworks */,
				15A816DE20ACBDBF005898C2 /* Resources */,
				69D9FF12E46C3001302ADCF5 /* [CP] Embed Pods Frameworks */,
				C1E0C3F78D114188F09E5B43 /* [CP] Copy Pods Resources */,
			);
			buildRules = (
			);
			dependencies = (
				15A816E220ACBDBF005898C2 /* PBXTargetDependency */,
			);
			name = LeanImpactCanvasTests;
			productName = LeanImpactCanvasTests;
			productReference = 15A816E020ACBDBF005898C2 /* LeanImpactCanvasTests.xctest */;
			productType = "com.apple.product-type.bundle.unit-test";
		};
		15A816EA20ACBDBF005898C2 /* LeanImpactCanvasUITests */ = {
			isa = PBXNativeTarget;
			buildConfigurationList = 15A816FA20ACBDBF005898C2 /* Build configuration list for PBXNativeTarget "LeanImpactCanvasUITests" */;
			buildPhases = (
				0F9EBE47D427855FB019713A /* [CP] Check Pods Manifest.lock */,
				15A816E720ACBDBF005898C2 /* Sources */,
				15A816E820ACBDBF005898C2 /* Frameworks */,
				15A816E920ACBDBF005898C2 /* Resources */,
				6A4A9C85FF016CDF6316B87A /* [CP] Embed Pods Frameworks */,
				DD2950F59A38BB440FEF0F17 /* [CP] Copy Pods Resources */,
			);
			buildRules = (
			);
			dependencies = (
				15A816ED20ACBDBF005898C2 /* PBXTargetDependency */,
			);
			name = LeanImpactCanvasUITests;
			productName = LeanImpactCanvasUITests;
			productReference = 15A816EB20ACBDBF005898C2 /* LeanImpactCanvasUITests.xctest */;
			productType = "com.apple.product-type.bundle.ui-testing";
		};
/* End PBXNativeTarget section */

/* Begin PBXProject section */
		15A816C420ACBDBD005898C2 /* Project object */ = {
			isa = PBXProject;
			attributes = {
				LastSwiftUpdateCheck = 0930;
				LastUpgradeCheck = 0930;
				ORGANIZATIONNAME = SolanoSoftwareSolutionsLLC;
				TargetAttributes = {
					15A816CB20ACBDBD005898C2 = {
						CreatedOnToolsVersion = 9.3.1;
					};
					15A816DF20ACBDBF005898C2 = {
						CreatedOnToolsVersion = 9.3.1;
						TestTargetID = 15A816CB20ACBDBD005898C2;
					};
					15A816EA20ACBDBF005898C2 = {
						CreatedOnToolsVersion = 9.3.1;
						TestTargetID = 15A816CB20ACBDBD005898C2;
					};
				};
			};
			buildConfigurationList = 15A816C720ACBDBD005898C2 /* Build configuration list for PBXProject "LeanImpactCanvas" */;
			compatibilityVersion = "Xcode 9.3";
			developmentRegion = en;
			hasScannedForEncodings = 0;
			knownRegions = (
				en,
				Base,
			);
			mainGroup = 15A816C320ACBDBD005898C2;
			productRefGroup = 15A816CD20ACBDBD005898C2 /* Products */;
			projectDirPath = "";
			projectRoot = "";
			targets = (
				15A816CB20ACBDBD005898C2 /* LeanImpactCanvas */,
				15A816DF20ACBDBF005898C2 /* LeanImpactCanvasTests */,
				15A816EA20ACBDBF005898C2 /* LeanImpactCanvasUITests */,
			);
		};
/* End PBXProject section */

/* Begin PBXResourcesBuildPhase section */
		15A816CA20ACBDBD005898C2 /* Resources */ = {
			isa = PBXResourcesBuildPhase;
			buildActionMask = 2147483647;
			files = (
				15A816DA20ACBDBF005898C2 /* LaunchScreen.storyboard in Resources */,
				15A816FE20ACC0D8005898C2 /* GoogleService-Info.plist in Resources */,
				15A816D720ACBDBF005898C2 /* Assets.xcassets in Resources */,
				15A816D520ACBDBD005898C2 /* Main.storyboard in Resources */,
			);
			runOnlyForDeploymentPostprocessing = 0;
		};
		15A816DE20ACBDBF005898C2 /* Resources */ = {
			isa = PBXResourcesBuildPhase;
			buildActionMask = 2147483647;
			files = (
			);
			runOnlyForDeploymentPostprocessing = 0;
		};
		15A816E920ACBDBF005898C2 /* Resources */ = {
			isa = PBXResourcesBuildPhase;
			buildActionMask = 2147483647;
			files = (
			);
			runOnlyForDeploymentPostprocessing = 0;
		};
/* End PBXResourcesBuildPhase section */

/* Begin PBXShellScriptBuildPhase section */
		0F9EBE47D427855FB019713A /* [CP] Check Pods Manifest.lock */ = {
			isa = PBXShellScriptBuildPhase;
			buildActionMask = 2147483647;
			files = (
			);
			inputPaths = (
				"${PODS_PODFILE_DIR_PATH}/Podfile.lock",
				"${PODS_ROOT}/Manifest.lock",
			);
			name = "[CP] Check Pods Manifest.lock";
			outputPaths = (
				"$(DERIVED_FILE_DIR)/Pods-LeanImpactCanvasUITests-checkManifestLockResult.txt",
			);
			runOnlyForDeploymentPostprocessing = 0;
			shellPath = /bin/sh;
			shellScript = "diff \"${PODS_PODFILE_DIR_PATH}/Podfile.lock\" \"${PODS_ROOT}/Manifest.lock\" > /dev/null\nif [ $? != 0 ] ; then\n    # print error to STDERR\n    echo \"error: The sandbox is not in sync with the Podfile.lock. Run 'pod install' or update your CocoaPods installation.\" >&2\n    exit 1\nfi\n# This output is used by Xcode 'outputs' to avoid re-running this script phase.\necho \"SUCCESS\" > \"${SCRIPT_OUTPUT_FILE_0}\"\n";
			showEnvVarsInLog = 0;
		};
		68A6AEC4DE692C40397C7143 /* [CP] Check Pods Manifest.lock */ = {
			isa = PBXShellScriptBuildPhase;
			buildActionMask = 2147483647;
			files = (
			);
			inputPaths = (
				"${PODS_PODFILE_DIR_PATH}/Podfile.lock",
				"${PODS_ROOT}/Manifest.lock",
			);
			name = "[CP] Check Pods Manifest.lock";
			outputPaths = (
				"$(DERIVED_FILE_DIR)/Pods-LeanImpactCanvas-checkManifestLockResult.txt",
			);
			runOnlyForDeploymentPostprocessing = 0;
			shellPath = /bin/sh;
			shellScript = "diff \"${PODS_PODFILE_DIR_PATH}/Podfile.lock\" \"${PODS_ROOT}/Manifest.lock\" > /dev/null\nif [ $? != 0 ] ; then\n    # print error to STDERR\n    echo \"error: The sandbox is not in sync with the Podfile.lock. Run 'pod install' or update your CocoaPods installation.\" >&2\n    exit 1\nfi\n# This output is used by Xcode 'outputs' to avoid re-running this script phase.\necho \"SUCCESS\" > \"${SCRIPT_OUTPUT_FILE_0}\"\n";
			showEnvVarsInLog = 0;
		};
		69D9FF12E46C3001302ADCF5 /* [CP] Embed Pods Frameworks */ = {
			isa = PBXShellScriptBuildPhase;
			buildActionMask = 2147483647;
			files = (
			);
			inputPaths = (
			);
			name = "[CP] Embed Pods Frameworks";
			outputPaths = (
			);
			runOnlyForDeploymentPostprocessing = 0;
			shellPath = /bin/sh;
			shellScript = "\"${SRCROOT}/Pods/Target Support Files/Pods-LeanImpactCanvasTests/Pods-LeanImpactCanvasTests-frameworks.sh\"\n";
			showEnvVarsInLog = 0;
		};
		6A4A9C85FF016CDF6316B87A /* [CP] Embed Pods Frameworks */ = {
			isa = PBXShellScriptBuildPhase;
			buildActionMask = 2147483647;
			files = (
			);
			inputPaths = (
			);
			name = "[CP] Embed Pods Frameworks";
			outputPaths = (
			);
			runOnlyForDeploymentPostprocessing = 0;
			shellPath = /bin/sh;
			shellScript = "\"${SRCROOT}/Pods/Target Support Files/Pods-LeanImpactCanvasUITests/Pods-LeanImpactCanvasUITests-frameworks.sh\"\n";
			showEnvVarsInLog = 0;
		};
		8D5C0337070A77B4B4CB2297 /* [CP] Copy Pods Resources */ = {
			isa = PBXShellScriptBuildPhase;
			buildActionMask = 2147483647;
			files = (
			);
			inputPaths = (
				"${SRCROOT}/Pods/Target Support Files/Pods-LeanImpactCanvas/Pods-LeanImpactCanvas-resources.sh",
				"${PODS_ROOT}/GoogleSignIn/Resources/GoogleSignIn.bundle",
			);
			name = "[CP] Copy Pods Resources";
			outputPaths = (
				"${TARGET_BUILD_DIR}/${UNLOCALIZED_RESOURCES_FOLDER_PATH}/GoogleSignIn.bundle",
			);
			runOnlyForDeploymentPostprocessing = 0;
			shellPath = /bin/sh;
			shellScript = "\"${SRCROOT}/Pods/Target Support Files/Pods-LeanImpactCanvas/Pods-LeanImpactCanvas-resources.sh\"\n";
			showEnvVarsInLog = 0;
		};
		C1E0C3F78D114188F09E5B43 /* [CP] Copy Pods Resources */ = {
			isa = PBXShellScriptBuildPhase;
			buildActionMask = 2147483647;
			files = (
			);
			inputPaths = (
			);
			name = "[CP] Copy Pods Resources";
			outputPaths = (
			);
			runOnlyForDeploymentPostprocessing = 0;
			shellPath = /bin/sh;
			shellScript = "\"${SRCROOT}/Pods/Target Support Files/Pods-LeanImpactCanvasTests/Pods-LeanImpactCanvasTests-resources.sh\"\n";
			showEnvVarsInLog = 0;
		};
		DD2950F59A38BB440FEF0F17 /* [CP] Copy Pods Resources */ = {
			isa = PBXShellScriptBuildPhase;
			buildActionMask = 2147483647;
			files = (
			);
			inputPaths = (
			);
			name = "[CP] Copy Pods Resources";
			outputPaths = (
			);
			runOnlyForDeploymentPostprocessing = 0;
			shellPath = /bin/sh;
			shellScript = "\"${SRCROOT}/Pods/Target Support Files/Pods-LeanImpactCanvasUITests/Pods-LeanImpactCanvasUITests-resources.sh\"\n";
			showEnvVarsInLog = 0;
		};
		EDAA265E12AFB7BF66C1FE96 /* [CP] Embed Pods Frameworks */ = {
			isa = PBXShellScriptBuildPhase;
			buildActionMask = 2147483647;
			files = (
			);
			inputPaths = (
				"${SRCROOT}/Pods/Target Support Files/Pods-LeanImpactCanvas/Pods-LeanImpactCanvas-frameworks.sh",
				"${BUILT_PRODUCTS_DIR}/BoringSSL/openssl.framework",
				"${BUILT_PRODUCTS_DIR}/GTMOAuth2/GTMOAuth2.framework",
				"${BUILT_PRODUCTS_DIR}/GTMSessionFetcher/GTMSessionFetcher.framework",
				"${BUILT_PRODUCTS_DIR}/GoogleToolboxForMac/GoogleToolboxForMac.framework",
				"${BUILT_PRODUCTS_DIR}/Protobuf/Protobuf.framework",
				"${BUILT_PRODUCTS_DIR}/SDWebImage/SDWebImage.framework",
				"${BUILT_PRODUCTS_DIR}/SwiftyJSON/SwiftyJSON.framework",
				"${BUILT_PRODUCTS_DIR}/gRPC/GRPCClient.framework",
				"${BUILT_PRODUCTS_DIR}/gRPC-Core/grpc.framework",
				"${BUILT_PRODUCTS_DIR}/gRPC-ProtoRPC/ProtoRPC.framework",
				"${BUILT_PRODUCTS_DIR}/gRPC-RxLibrary/RxLibrary.framework",
				"${BUILT_PRODUCTS_DIR}/leveldb-library/leveldb.framework",
				"${BUILT_PRODUCTS_DIR}/nanopb/nanopb.framework",
			);
			name = "[CP] Embed Pods Frameworks";
			outputPaths = (
				"${TARGET_BUILD_DIR}/${FRAMEWORKS_FOLDER_PATH}/openssl.framework",
				"${TARGET_BUILD_DIR}/${FRAMEWORKS_FOLDER_PATH}/GTMOAuth2.framework",
				"${TARGET_BUILD_DIR}/${FRAMEWORKS_FOLDER_PATH}/GTMSessionFetcher.framework",
				"${TARGET_BUILD_DIR}/${FRAMEWORKS_FOLDER_PATH}/GoogleToolboxForMac.framework",
				"${TARGET_BUILD_DIR}/${FRAMEWORKS_FOLDER_PATH}/Protobuf.framework",
				"${TARGET_BUILD_DIR}/${FRAMEWORKS_FOLDER_PATH}/SDWebImage.framework",
				"${TARGET_BUILD_DIR}/${FRAMEWORKS_FOLDER_PATH}/SwiftyJSON.framework",
				"${TARGET_BUILD_DIR}/${FRAMEWORKS_FOLDER_PATH}/GRPCClient.framework",
				"${TARGET_BUILD_DIR}/${FRAMEWORKS_FOLDER_PATH}/grpc.framework",
				"${TARGET_BUILD_DIR}/${FRAMEWORKS_FOLDER_PATH}/ProtoRPC.framework",
				"${TARGET_BUILD_DIR}/${FRAMEWORKS_FOLDER_PATH}/RxLibrary.framework",
				"${TARGET_BUILD_DIR}/${FRAMEWORKS_FOLDER_PATH}/leveldb.framework",
				"${TARGET_BUILD_DIR}/${FRAMEWORKS_FOLDER_PATH}/nanopb.framework",
			);
			runOnlyForDeploymentPostprocessing = 0;
			shellPath = /bin/sh;
			shellScript = "\"${SRCROOT}/Pods/Target Support Files/Pods-LeanImpactCanvas/Pods-LeanImpactCanvas-frameworks.sh\"\n";
			showEnvVarsInLog = 0;
		};
		FB594026129EF57F895FFD4C /* [CP] Check Pods Manifest.lock */ = {
			isa = PBXShellScriptBuildPhase;
			buildActionMask = 2147483647;
			files = (
			);
			inputPaths = (
				"${PODS_PODFILE_DIR_PATH}/Podfile.lock",
				"${PODS_ROOT}/Manifest.lock",
			);
			name = "[CP] Check Pods Manifest.lock";
			outputPaths = (
				"$(DERIVED_FILE_DIR)/Pods-LeanImpactCanvasTests-checkManifestLockResult.txt",
			);
			runOnlyForDeploymentPostprocessing = 0;
			shellPath = /bin/sh;
			shellScript = "diff \"${PODS_PODFILE_DIR_PATH}/Podfile.lock\" \"${PODS_ROOT}/Manifest.lock\" > /dev/null\nif [ $? != 0 ] ; then\n    # print error to STDERR\n    echo \"error: The sandbox is not in sync with the Podfile.lock. Run 'pod install' or update your CocoaPods installation.\" >&2\n    exit 1\nfi\n# This output is used by Xcode 'outputs' to avoid re-running this script phase.\necho \"SUCCESS\" > \"${SCRIPT_OUTPUT_FILE_0}\"\n";
			showEnvVarsInLog = 0;
		};
/* End PBXShellScriptBuildPhase section */

/* Begin PBXSourcesBuildPhase section */
		15A816C820ACBDBD005898C2 /* Sources */ = {
			isa = PBXSourcesBuildPhase;
			buildActionMask = 2147483647;
			files = (
				15A816D220ACBDBD005898C2 /* ViewController.swift in Sources */,
				15A816D020ACBDBD005898C2 /* AppDelegate.swift in Sources */,
			);
			runOnlyForDeploymentPostprocessing = 0;
		};
		15A816DC20ACBDBF005898C2 /* Sources */ = {
			isa = PBXSourcesBuildPhase;
			buildActionMask = 2147483647;
			files = (
				15A816E520ACBDBF005898C2 /* LeanImpactCanvasTests.swift in Sources */,
			);
			runOnlyForDeploymentPostprocessing = 0;
		};
		15A816E720ACBDBF005898C2 /* Sources */ = {
			isa = PBXSourcesBuildPhase;
			buildActionMask = 2147483647;
			files = (
				15A816F020ACBDBF005898C2 /* LeanImpactCanvasUITests.swift in Sources */,
			);
			runOnlyForDeploymentPostprocessing = 0;
		};
/* End PBXSourcesBuildPhase section */

/* Begin PBXTargetDependency section */
		15A816E220ACBDBF005898C2 /* PBXTargetDependency */ = {
			isa = PBXTargetDependency;
			target = 15A816CB20ACBDBD005898C2 /* LeanImpactCanvas */;
			targetProxy = 15A816E120ACBDBF005898C2 /* PBXContainerItemProxy */;
		};
		15A816ED20ACBDBF005898C2 /* PBXTargetDependency */ = {
			isa = PBXTargetDependency;
			target = 15A816CB20ACBDBD005898C2 /* LeanImpactCanvas */;
			targetProxy = 15A816EC20ACBDBF005898C2 /* PBXContainerItemProxy */;
		};
/* End PBXTargetDependency section */

/* Begin PBXVariantGroup section */
		15A816D320ACBDBD005898C2 /* Main.storyboard */ = {
			isa = PBXVariantGroup;
			children = (
				15A816D420ACBDBD005898C2 /* Base */,
			);
			name = Main.storyboard;
			sourceTree = "<group>";
		};
		15A816D820ACBDBF005898C2 /* LaunchScreen.storyboard */ = {
			isa = PBXVariantGroup;
			children = (
				15A816D920ACBDBF005898C2 /* Base */,
			);
			name = LaunchScreen.storyboard;
			sourceTree = "<group>";
		};
/* End PBXVariantGroup section */

/* Begin XCBuildConfiguration section */
		15A816F220ACBDBF005898C2 /* Debug */ = {
			isa = XCBuildConfiguration;
			buildSettings = {
				ALWAYS_SEARCH_USER_PATHS = NO;
				CLANG_ANALYZER_NONNULL = YES;
				CLANG_ANALYZER_NUMBER_OBJECT_CONVERSION = YES_AGGRESSIVE;
				CLANG_CXX_LANGUAGE_STANDARD = "gnu++14";
				CLANG_CXX_LIBRARY = "libc++";
				CLANG_ENABLE_MODULES = YES;
				CLANG_ENABLE_OBJC_ARC = YES;
				CLANG_ENABLE_OBJC_WEAK = YES;
				CLANG_WARN_BLOCK_CAPTURE_AUTORELEASING = YES;
				CLANG_WARN_BOOL_CONVERSION = YES;
				CLANG_WARN_COMMA = YES;
				CLANG_WARN_CONSTANT_CONVERSION = YES;
				CLANG_WARN_DEPRECATED_OBJC_IMPLEMENTATIONS = YES;
				CLANG_WARN_DIRECT_OBJC_ISA_USAGE = YES_ERROR;
				CLANG_WARN_DOCUMENTATION_COMMENTS = YES;
				CLANG_WARN_EMPTY_BODY = YES;
				CLANG_WARN_ENUM_CONVERSION = YES;
				CLANG_WARN_INFINITE_RECURSION = YES;
				CLANG_WARN_INT_CONVERSION = YES;
				CLANG_WARN_NON_LITERAL_NULL_CONVERSION = YES;
				CLANG_WARN_OBJC_IMPLICIT_RETAIN_SELF = YES;
				CLANG_WARN_OBJC_LITERAL_CONVERSION = YES;
				CLANG_WARN_OBJC_ROOT_CLASS = YES_ERROR;
				CLANG_WARN_RANGE_LOOP_ANALYSIS = YES;
				CLANG_WARN_STRICT_PROTOTYPES = YES;
				CLANG_WARN_SUSPICIOUS_MOVE = YES;
				CLANG_WARN_UNGUARDED_AVAILABILITY = YES_AGGRESSIVE;
				CLANG_WARN_UNREACHABLE_CODE = YES;
				CLANG_WARN__DUPLICATE_METHOD_MATCH = YES;
				CODE_SIGN_IDENTITY = "iPhone Developer";
				COPY_PHASE_STRIP = NO;
				DEBUG_INFORMATION_FORMAT = dwarf;
				ENABLE_STRICT_OBJC_MSGSEND = YES;
				ENABLE_TESTABILITY = YES;
				GCC_C_LANGUAGE_STANDARD = gnu11;
				GCC_DYNAMIC_NO_PIC = NO;
				GCC_NO_COMMON_BLOCKS = YES;
				GCC_OPTIMIZATION_LEVEL = 0;
				GCC_PREPROCESSOR_DEFINITIONS = (
					"DEBUG=1",
					"$(inherited)",
				);
				GCC_WARN_64_TO_32_BIT_CONVERSION = YES;
				GCC_WARN_ABOUT_RETURN_TYPE = YES_ERROR;
				GCC_WARN_UNDECLARED_SELECTOR = YES;
				GCC_WARN_UNINITIALIZED_AUTOS = YES_AGGRESSIVE;
				GCC_WARN_UNUSED_FUNCTION = YES;
				GCC_WARN_UNUSED_VARIABLE = YES;
				IPHONEOS_DEPLOYMENT_TARGET = 11.3;
				MTL_ENABLE_DEBUG_INFO = YES;
				ONLY_ACTIVE_ARCH = YES;
				SDKROOT = iphoneos;
				SWIFT_ACTIVE_COMPILATION_CONDITIONS = DEBUG;
				SWIFT_OPTIMIZATION_LEVEL = "-Onone";
			};
			name = Debug;
		};
		15A816F320ACBDBF005898C2 /* Release */ = {
			isa = XCBuildConfiguration;
			buildSettings = {
				ALWAYS_SEARCH_USER_PATHS = NO;
				CLANG_ANALYZER_NONNULL = YES;
				CLANG_ANALYZER_NUMBER_OBJECT_CONVERSION = YES_AGGRESSIVE;
				CLANG_CXX_LANGUAGE_STANDARD = "gnu++14";
				CLANG_CXX_LIBRARY = "libc++";
				CLANG_ENABLE_MODULES = YES;
				CLANG_ENABLE_OBJC_ARC = YES;
				CLANG_ENABLE_OBJC_WEAK = YES;
				CLANG_WARN_BLOCK_CAPTURE_AUTORELEASING = YES;
				CLANG_WARN_BOOL_CONVERSION = YES;
				CLANG_WARN_COMMA = YES;
				CLANG_WARN_CONSTANT_CONVERSION = YES;
				CLANG_WARN_DEPRECATED_OBJC_IMPLEMENTATIONS = YES;
				CLANG_WARN_DIRECT_OBJC_ISA_USAGE = YES_ERROR;
				CLANG_WARN_DOCUMENTATION_COMMENTS = YES;
				CLANG_WARN_EMPTY_BODY = YES;
				CLANG_WARN_ENUM_CONVERSION = YES;
				CLANG_WARN_INFINITE_RECURSION = YES;
				CLANG_WARN_INT_CONVERSION = YES;
				CLANG_WARN_NON_LITERAL_NULL_CONVERSION = YES;
				CLANG_WARN_OBJC_IMPLICIT_RETAIN_SELF = YES;
				CLANG_WARN_OBJC_LITERAL_CONVERSION = YES;
				CLANG_WARN_OBJC_ROOT_CLASS = YES_ERROR;
				CLANG_WARN_RANGE_LOOP_ANALYSIS = YES;
				CLANG_WARN_STRICT_PROTOTYPES = YES;
				CLANG_WARN_SUSPICIOUS_MOVE = YES;
				CLANG_WARN_UNGUARDED_AVAILABILITY = YES_AGGRESSIVE;
				CLANG_WARN_UNREACHABLE_CODE = YES;
				CLANG_WARN__DUPLICATE_METHOD_MATCH = YES;
				CODE_SIGN_IDENTITY = "iPhone Developer";
				COPY_PHASE_STRIP = NO;
				DEBUG_INFORMATION_FORMAT = "dwarf-with-dsym";
				ENABLE_NS_ASSERTIONS = NO;
				ENABLE_STRICT_OBJC_MSGSEND = YES;
				GCC_C_LANGUAGE_STANDARD = gnu11;
				GCC_NO_COMMON_BLOCKS = YES;
				GCC_WARN_64_TO_32_BIT_CONVERSION = YES;
				GCC_WARN_ABOUT_RETURN_TYPE = YES_ERROR;
				GCC_WARN_UNDECLARED_SELECTOR = YES;
				GCC_WARN_UNINITIALIZED_AUTOS = YES_AGGRESSIVE;
				GCC_WARN_UNUSED_FUNCTION = YES;
				GCC_WARN_UNUSED_VARIABLE = YES;
				IPHONEOS_DEPLOYMENT_TARGET = 11.3;
				MTL_ENABLE_DEBUG_INFO = NO;
				SDKROOT = iphoneos;
				SWIFT_COMPILATION_MODE = wholemodule;
				SWIFT_OPTIMIZATION_LEVEL = "-O";
				VALIDATE_PRODUCT = YES;
			};
			name = Release;
		};
		15A816F520ACBDBF005898C2 /* Debug */ = {
			isa = XCBuildConfiguration;
			baseConfigurationReference = ACA279F2ACBE4F80BFE4CD10 /* Pods-LeanImpactCanvas.debug.xcconfig */;
			buildSettings = {
				ASSETCATALOG_COMPILER_APPICON_NAME = AppIcon;
				CODE_SIGN_STYLE = Automatic;
				DEVELOPMENT_TEAM = YMTE95552Y;
				INFOPLIST_FILE = LeanImpactCanvas/Info.plist;
				LD_RUNPATH_SEARCH_PATHS = (
					"$(inherited)",
					"@executable_path/Frameworks",
				);
				PRODUCT_BUNDLE_IDENTIFIER = "SSS-LLC.LeanImpactCanvas";
				PRODUCT_NAME = "$(TARGET_NAME)";
				SWIFT_VERSION = 4.0;
				TARGETED_DEVICE_FAMILY = "1,2";
			};
			name = Debug;
		};
		15A816F620ACBDBF005898C2 /* Release */ = {
			isa = XCBuildConfiguration;
			baseConfigurationReference = 5205DBB34C54BFDC13E4BB15 /* Pods-LeanImpactCanvas.release.xcconfig */;
			buildSettings = {
				ASSETCATALOG_COMPILER_APPICON_NAME = AppIcon;
				CODE_SIGN_STYLE = Automatic;
				DEVELOPMENT_TEAM = YMTE95552Y;
				INFOPLIST_FILE = LeanImpactCanvas/Info.plist;
				LD_RUNPATH_SEARCH_PATHS = (
					"$(inherited)",
					"@executable_path/Frameworks",
				);
				PRODUCT_BUNDLE_IDENTIFIER = "SSS-LLC.LeanImpactCanvas";
				PRODUCT_NAME = "$(TARGET_NAME)";
				SWIFT_VERSION = 4.0;
				TARGETED_DEVICE_FAMILY = "1,2";
			};
			name = Release;
		};
		15A816F820ACBDBF005898C2 /* Debug */ = {
			isa = XCBuildConfiguration;
			baseConfigurationReference = 103B9AFEEC523EDFFABC18A5 /* Pods-LeanImpactCanvasTests.debug.xcconfig */;
			buildSettings = {
				ALWAYS_EMBED_SWIFT_STANDARD_LIBRARIES = YES;
				BUNDLE_LOADER = "$(TEST_HOST)";
				CODE_SIGN_STYLE = Automatic;
				DEVELOPMENT_TEAM = YMTE95552Y;
				INFOPLIST_FILE = LeanImpactCanvasTests/Info.plist;
				LD_RUNPATH_SEARCH_PATHS = (
					"$(inherited)",
					"@executable_path/Frameworks",
					"@loader_path/Frameworks",
				);
				PRODUCT_BUNDLE_IDENTIFIER = "SSS-LLC.LeanImpactCanvasTests";
				PRODUCT_NAME = "$(TARGET_NAME)";
				SWIFT_VERSION = 4.0;
				TARGETED_DEVICE_FAMILY = "1,2";
				TEST_HOST = "$(BUILT_PRODUCTS_DIR)/LeanImpactCanvas.app/LeanImpactCanvas";
			};
			name = Debug;
		};
		15A816F920ACBDBF005898C2 /* Release */ = {
			isa = XCBuildConfiguration;
			baseConfigurationReference = 52AC00572F8C35DFDDBD26D2 /* Pods-LeanImpactCanvasTests.release.xcconfig */;
			buildSettings = {
				ALWAYS_EMBED_SWIFT_STANDARD_LIBRARIES = YES;
				BUNDLE_LOADER = "$(TEST_HOST)";
				CODE_SIGN_STYLE = Automatic;
				DEVELOPMENT_TEAM = YMTE95552Y;
				INFOPLIST_FILE = LeanImpactCanvasTests/Info.plist;
				LD_RUNPATH_SEARCH_PATHS = (
					"$(inherited)",
					"@executable_path/Frameworks",
					"@loader_path/Frameworks",
				);
				PRODUCT_BUNDLE_IDENTIFIER = "SSS-LLC.LeanImpactCanvasTests";
				PRODUCT_NAME = "$(TARGET_NAME)";
				SWIFT_VERSION = 4.0;
				TARGETED_DEVICE_FAMILY = "1,2";
				TEST_HOST = "$(BUILT_PRODUCTS_DIR)/LeanImpactCanvas.app/LeanImpactCanvas";
			};
			name = Release;
		};
		15A816FB20ACBDBF005898C2 /* Debug */ = {
			isa = XCBuildConfiguration;
			baseConfigurationReference = 5BDC6E8698E205789A07180D /* Pods-LeanImpactCanvasUITests.debug.xcconfig */;
			buildSettings = {
				ALWAYS_EMBED_SWIFT_STANDARD_LIBRARIES = YES;
				CODE_SIGN_STYLE = Automatic;
				DEVELOPMENT_TEAM = YMTE95552Y;
				INFOPLIST_FILE = LeanImpactCanvasUITests/Info.plist;
				LD_RUNPATH_SEARCH_PATHS = (
					"$(inherited)",
					"@executable_path/Frameworks",
					"@loader_path/Frameworks",
				);
				PRODUCT_BUNDLE_IDENTIFIER = "SSS-LLC.LeanImpactCanvasUITests";
				PRODUCT_NAME = "$(TARGET_NAME)";
				SWIFT_VERSION = 4.0;
				TARGETED_DEVICE_FAMILY = "1,2";
				TEST_TARGET_NAME = LeanImpactCanvas;
			};
			name = Debug;
		};
		15A816FC20ACBDBF005898C2 /* Release */ = {
			isa = XCBuildConfiguration;
			baseConfigurationReference = 273E0A9111F8DE302F502B36 /* Pods-LeanImpactCanvasUITests.release.xcconfig */;
			buildSettings = {
				ALWAYS_EMBED_SWIFT_STANDARD_LIBRARIES = YES;
				CODE_SIGN_STYLE = Automatic;
				DEVELOPMENT_TEAM = YMTE95552Y;
				INFOPLIST_FILE = LeanImpactCanvasUITests/Info.plist;
				LD_RUNPATH_SEARCH_PATHS = (
					"$(inherited)",
					"@executable_path/Frameworks",
					"@loader_path/Frameworks",
				);
				PRODUCT_BUNDLE_IDENTIFIER = "SSS-LLC.LeanImpactCanvasUITests";
				PRODUCT_NAME = "$(TARGET_NAME)";
				SWIFT_VERSION = 4.0;
				TARGETED_DEVICE_FAMILY = "1,2";
				TEST_TARGET_NAME = LeanImpactCanvas;
			};
			name = Release;
		};
/* End XCBuildConfiguration section */

/* Begin XCConfigurationList section */
		15A816C720ACBDBD005898C2 /* Build configuration list for PBXProject "LeanImpactCanvas" */ = {
			isa = XCConfigurationList;
			buildConfigurations = (
				15A816F220ACBDBF005898C2 /* Debug */,
				15A816F320ACBDBF005898C2 /* Release */,
			);
			defaultConfigurationIsVisible = 0;
			defaultConfigurationName = Release;
		};
		15A816F420ACBDBF005898C2 /* Build configuration list for PBXNativeTarget "LeanImpactCanvas" */ = {
			isa = XCConfigurationList;
			buildConfigurations = (
				15A816F520ACBDBF005898C2 /* Debug */,
				15A816F620ACBDBF005898C2 /* Release */,
			);
			defaultConfigurationIsVisible = 0;
			defaultConfigurationName = Release;
		};
		15A816F720ACBDBF005898C2 /* Build configuration list for PBXNativeTarget "LeanImpactCanvasTests" */ = {
			isa = XCConfigurationList;
			buildConfigurations = (
				15A816F820ACBDBF005898C2 /* Debug */,
				15A816F920ACBDBF005898C2 /* Release */,
			);
			defaultConfigurationIsVisible = 0;
			defaultConfigurationName = Release;
		};
		15A816FA20ACBDBF005898C2 /* Build configuration list for PBXNativeTarget "LeanImpactCanvasUITests" */ = {
			isa = XCConfigurationList;
			buildConfigurations = (
				15A816FB20ACBDBF005898C2 /* Debug */,
				15A816FC20ACBDBF005898C2 /* Release */,
			);
			defaultConfigurationIsVisible = 0;
			defaultConfigurationName = Release;
		};
/* End XCConfigurationList section */
	};
	rootObject = 15A816C420ACBDBD005898C2 /* Project object */;
}
